// !$*UTF8*$!
{
	archiveVersion = 1;
	classes = {
	};
	objectVersion = 46;
	objects = {

/* Begin PBXBuildFile section */
		99234F251D1926B900A6242A /* AppDelegate.swift in Sources */ = {isa = PBXBuildFile; fileRef = 99234F241D1926B900A6242A /* AppDelegate.swift */; };
		99234F271D1926B900A6242A /* ViewController.swift in Sources */ = {isa = PBXBuildFile; fileRef = 99234F261D1926B900A6242A /* ViewController.swift */; };
		99234F2C1D1926B900A6242A /* Assets.xcassets in Resources */ = {isa = PBXBuildFile; fileRef = 99234F2B1D1926B900A6242A /* Assets.xcassets */; };
		99234F2F1D1926B900A6242A /* LaunchScreen.storyboard in Resources */ = {isa = PBXBuildFile; fileRef = 99234F2D1D1926B900A6242A /* LaunchScreen.storyboard */; };
		99234F381D19272A00A6242A /* HomeViewController.swift in Sources */ = {isa = PBXBuildFile; fileRef = 99234F361D19272A00A6242A /* HomeViewController.swift */; };
		99234F391D19272A00A6242A /* HomeViewController.xib in Resources */ = {isa = PBXBuildFile; fileRef = 99234F371D19272A00A6242A /* HomeViewController.xib */; };
		997DDE061D19307E0011F057 /* MyAvatarView.swift in Sources */ = {isa = PBXBuildFile; fileRef = 997DDE051D19307E0011F057 /* MyAvatarView.swift */; };
		997DDE081D19309E0011F057 /* MyAvatarView.xib in Resources */ = {isa = PBXBuildFile; fileRef = 997DDE071D19309E0011F057 /* MyAvatarView.xib */; };
/* End PBXBuildFile section */

/* Begin PBXFileReference section */
		99234F211D1926B900A6242A /* Exercise6_ScrollViewNotOnlyCode.app */ = {isa = PBXFileReference; explicitFileType = wrapper.application; includeInIndex = 0; path = Exercise6_ScrollViewNotOnlyCode.app; sourceTree = BUILT_PRODUCTS_DIR; };
		99234F241D1926B900A6242A /* AppDelegate.swift */ = {isa = PBXFileReference; lastKnownFileType = sourcecode.swift; path = AppDelegate.swift; sourceTree = "<group>"; };
		99234F261D1926B900A6242A /* ViewController.swift */ = {isa = PBXFileReference; lastKnownFileType = sourcecode.swift; path = ViewController.swift; sourceTree = "<group>"; };
		99234F2B1D1926B900A6242A /* Assets.xcassets */ = {isa = PBXFileReference; lastKnownFileType = folder.assetcatalog; path = Assets.xcassets; sourceTree = "<group>"; };
		99234F2E1D1926B900A6242A /* Base */ = {isa = PBXFileReference; lastKnownFileType = file.storyboard; name = Base; path = Base.lproj/LaunchScreen.storyboard; sourceTree = "<group>"; };
		99234F301D1926B900A6242A /* Info.plist */ = {isa = PBXFileReference; lastKnownFileType = text.plist.xml; path = Info.plist; sourceTree = "<group>"; };
		99234F361D19272A00A6242A /* HomeViewController.swift */ = {isa = PBXFileReference; fileEncoding = 4; lastKnownFileType = sourcecode.swift; path = HomeViewController.swift; sourceTree = "<group>"; };
		99234F371D19272A00A6242A /* HomeViewController.xib */ = {isa = PBXFileReference; fileEncoding = 4; lastKnownFileType = file.xib; path = HomeViewController.xib; sourceTree = "<group>"; };
		997DDE051D19307E0011F057 /* MyAvatarView.swift */ = {isa = PBXFileReference; fileEncoding = 4; lastKnownFileType = sourcecode.swift; path = MyAvatarView.swift; sourceTree = "<group>"; };
		997DDE071D19309E0011F057 /* MyAvatarView.xib */ = {isa = PBXFileReference; fileEncoding = 4; lastKnownFileType = file.xib; path = MyAvatarView.xib; sourceTree = "<group>"; };
/* End PBXFileReference section */

/* Begin PBXFrameworksBuildPhase section */
		99234F1E1D1926B900A6242A /* Frameworks */ = {
			isa = PBXFrameworksBuildPhase;
			buildActionMask = 2147483647;
			files = (
			);
			runOnlyForDeploymentPostprocessing = 0;
		};
/* End PBXFrameworksBuildPhase section */

/* Begin PBXGroup section */
		99234F181D1926B900A6242A = {
			isa = PBXGroup;
			children = (
				99234F231D1926B900A6242A /* Exercise6_ScrollViewNotOnlyCode */,
				99234F221D1926B900A6242A /* Products */,
			);
			sourceTree = "<group>";
		};
		99234F221D1926B900A6242A /* Products */ = {
			isa = PBXGroup;
			children = (
				99234F211D1926B900A6242A /* Exercise6_ScrollViewNotOnlyCode.app */,
			);
			name = Products;
			sourceTree = "<group>";
		};
		99234F231D1926B900A6242A /* Exercise6_ScrollViewNotOnlyCode */ = {
			isa = PBXGroup;
			children = (
				99234F241D1926B900A6242A /* AppDelegate.swift */,
				99234F261D1926B900A6242A /* ViewController.swift */,
				99234F2B1D1926B900A6242A /* Assets.xcassets */,
				99234F2D1D1926B900A6242A /* LaunchScreen.storyboard */,
				99234F301D1926B900A6242A /* Info.plist */,
				99234F361D19272A00A6242A /* HomeViewController.swift */,
				99234F371D19272A00A6242A /* HomeViewController.xib */,
				997DDE051D19307E0011F057 /* MyAvatarView.swift */,
				997DDE071D19309E0011F057 /* MyAvatarView.xib */,
			);
			path = Exercise6_ScrollViewNotOnlyCode;
			sourceTree = "<group>";
		};
/* End PBXGroup section */

/* Begin PBXNativeTarget section */
		99234F201D1926B900A6242A /* Exercise6_ScrollViewNotOnlyCode */ = {
			isa = PBXNativeTarget;
			buildConfigurationList = 99234F331D1926B900A6242A /* Build configuration list for PBXNativeTarget "Exercise6_ScrollViewNotOnlyCode" */;
			buildPhases = (
				99234F1D1D1926B900A6242A /* Sources */,
				99234F1E1D1926B900A6242A /* Frameworks */,
				99234F1F1D1926B900A6242A /* Resources */,
			);
			buildRules = (
			);
			dependencies = (
			);
			name = Exercise6_ScrollViewNotOnlyCode;
			productName = Exercise6_ScrollViewNotOnlyCode;
			productReference = 99234F211D1926B900A6242A /* Exercise6_ScrollViewNotOnlyCode.app */;
			productType = "com.apple.product-type.application";
		};
/* End PBXNativeTarget section */

/* Begin PBXProject section */
		99234F191D1926B900A6242A /* Project object */ = {
			isa = PBXProject;
			attributes = {
				LastSwiftUpdateCheck = 0730;
				LastUpgradeCheck = 0730;
				ORGANIZATIONNAME = "Ho Van Su";
				TargetAttributes = {
					99234F201D1926B900A6242A = {
						CreatedOnToolsVersion = 7.3.1;
					};
				};
			};
			buildConfigurationList = 99234F1C1D1926B900A6242A /* Build configuration list for PBXProject "Exercise6_ScrollViewNotOnlyCode" */;
			compatibilityVersion = "Xcode 3.2";
			developmentRegion = English;
			hasScannedForEncodings = 0;
			knownRegions = (
				en,
				Base,
			);
			mainGroup = 99234F181D1926B900A6242A;
			productRefGroup = 99234F221D1926B900A6242A /* Products */;
			projectDirPath = "";
			projectRoot = "";
			targets = (
				99234F201D1926B900A6242A /* Exercise6_ScrollViewNotOnlyCode */,
			);
		};
/* End PBXProject section */

/* Begin PBXResourcesBuildPhase section */
		99234F1F1D1926B900A6242A /* Resources */ = {
			isa = PBXResourcesBuildPhase;
			buildActionMask = 2147483647;
			files = (
				99234F2F1D1926B900A6242A /* LaunchScreen.storyboard in Resources */,
				997DDE081D19309E0011F057 /* MyAvatarView.xib in Resources */,
				99234F2C1D1926B900A6242A /* Assets.xcassets in Resources */,
				99234F391D19272A00A6242A /* HomeViewController.xib in Resources */,
			);
			runOnlyForDeploymentPostprocessing = 0;
		};
/* End PBXResourcesBuildPhase section */

/* Begin PBXSourcesBuildPhase section */
		99234F1D1D1926B900A6242A /* Sources */ = {
			isa = PBXSourcesBuildPhase;
			buildActionMask = 2147483647;
			files = (
				99234F271D1926B900A6242A /* ViewController.swift in Sources */,
				997DDE061D19307E0011F057 /* MyAvatarView.swift in Sources */,
				99234F251D1926B900A6242A /* AppDelegate.swift in Sources */,
				99234F381D19272A00A6242A /* HomeViewController.swift in Sources */,
			);
			runOnlyForDeploymentPostprocessing = 0;
		};
/* End PBXSourcesBuildPhase section */

/* Begin PBXVariantGroup section */
		99234F2D1D1926B900A6242A /* LaunchScreen.storyboard */ = {
			isa = PBXVariantGroup;
			children = (
				99234F2E1D1926B900A6242A /* Base */,
			);
			name = LaunchScreen.storyboard;
			sourceTree = "<group>";
		};
/* End PBXVariantGroup section */

/* Begin XCBuildConfiguration section */
		99234F311D1926B900A6242A /* Debug */ = {
			isa = XCBuildConfiguration;
			buildSettings = {
				ALWAYS_SEARCH_USER_PATHS = NO;
				CLANG_ANALYZER_NONNULL = YES;
				CLANG_CXX_LANGUAGE_STANDARD = "gnu++0x";
				CLANG_CXX_LIBRARY = "libc++";
				CLANG_ENABLE_MODULES = YES;
				CLANG_ENABLE_OBJC_ARC = YES;
				CLANG_WARN_BOOL_CONVERSION = YES;
				CLANG_WARN_CONSTANT_CONVERSION = YES;
				CLANG_WARN_DIRECT_OBJC_ISA_USAGE = YES_ERROR;
				CLANG_WARN_EMPTY_BODY = YES;
				CLANG_WARN_ENUM_CONVERSION = YES;
				CLANG_WARN_INT_CONVERSION = YES;
				CLANG_WARN_OBJC_ROOT_CLASS = YES_ERROR;
				CLANG_WARN_UNREACHABLE_CODE = YES;
				CLANG_WARN__DUPLICATE_METHOD_MATCH = YES;
				"CODE_SIGN_IDENTITY[sdk=iphoneos*]" = "iPhone Developer";
				COPY_PHASE_STRIP = NO;
				DEBUG_INFORMATION_FORMAT = dwarf;
				ENABLE_STRICT_OBJC_MSGSEND = YES;
				ENABLE_TESTABILITY = YES;
				GCC_C_LANGUAGE_STANDARD = gnu99;
				GCC_DYNAMIC_NO_PIC = NO;
				GCC_NO_COMMON_BLOCKS = YES;
				GCC_OPTIMIZATION_LEVEL = 0;
				GCC_PREPROCESSOR_DEFINITIONS = (
					"DEBUG=1",
					"$(inherited)",
				);
				GCC_WARN_64_TO_32_BIT_CONVERSION = YES;
				GCC_WARN_ABOUT_RETURN_TYPE = YES_ERROR;
				GCC_WARN_UNDECLARED_SELECTOR = YES;
				GCC_WARN_UNINITIALIZED_AUTOS = YES_AGGRESSIVE;
				GCC_WARN_UNUSED_FUNCTION = YES;
				GCC_WARN_UNUSED_VARIABLE = YES;
				IPHONEOS_DEPLOYMENT_TARGET = 9.3;
				MTL_ENABLE_DEBUG_INFO = YES;
				ONLY_ACTIVE_ARCH = YES;
				SDKROOT = iphoneos;
				SWIFT_OPTIMIZATION_LEVEL = "-Onone";
				TARGETED_DEVICE_FAMILY = "1,2";
			};
			name = Debug;
		};
		99234F321D1926B900A6242A /* Release */ = {
			isa = XCBuildConfiguration;
			buildSettings = {
				ALWAYS_SEARCH_USER_PATHS = NO;
				CLANG_ANALYZER_NONNULL = YES;
				CLANG_CXX_LANGUAGE_STANDARD = "gnu++0x";
				CLANG_CXX_LIBRARY = "libc++";
				CLANG_ENABLE_MODULES = YES;
				CLANG_ENABLE_OBJC_ARC = YES;
				CLANG_WARN_BOOL_CONVERSION = YES;
				CLANG_WARN_CONSTANT_CONVERSION = YES;
				CLANG_WARN_DIRECT_OBJC_ISA_USAGE = YES_ERROR;
				CLANG_WARN_EMPTY_BODY = YES;
				CLANG_WARN_ENUM_CONVERSION = YES;
				CLANG_WARN_INT_CONVERSION = YES;
				CLANG_WARN_OBJC_ROOT_CLASS = YES_ERROR;
				CLANG_WARN_UNREACHABLE_CODE = YES;
				CLANG_WARN__DUPLICATE_METHOD_MATCH = YES;
				"CODE_SIGN_IDENTITY[sdk=iphoneos*]" = "iPhone Developer";
				COPY_PHASE_STRIP = NO;
				DEBUG_INFORMATION_FORMAT = "dwarf-with-dsym";
				ENABLE_NS_ASSERTIONS = NO;
				ENABLE_STRICT_OBJC_MSGSEND = YES;
				GCC_C_LANGUAGE_STANDARD = gnu99;
				GCC_NO_COMMON_BLOCKS = YES;
				GCC_WARN_64_TO_32_BIT_CONVERSION = YES;
				GCC_WARN_ABOUT_RETURN_TYPE = YES_ERROR;
				GCC_WARN_UNDECLARED_SELECTOR = YES;
				GCC_WARN_UNINITIALIZED_AUTOS = YES_AGGRESSIVE;
				GCC_WARN_UNUSED_FUNCTION = YES;
				GCC_WARN_UNUSED_VARIABLE = YES;
				IPHONEOS_DEPLOYMENT_TARGET = 9.3;
				MTL_ENABLE_DEBUG_INFO = NO;
				SDKROOT = iphoneos;
				TARGETED_DEVICE_FAMILY = "1,2";
				VALIDATE_PRODUCT = YES;
			};
			name = Release;
		};
		99234F341D1926B900A6242A /* Debug */ = {
			isa = XCBuildConfiguration;
			buildSettings = {
				ASSETCATALOG_COMPILER_APPICON_NAME = AppIcon;
				INFOPLIST_FILE = Exercise6_ScrollViewNotOnlyCode/Info.plist;
				LD_RUNPATH_SEARCH_PATHS = "$(inherited) @executable_path/Frameworks";
				PRODUCT_BUNDLE_IDENTIFIER = "com.suhv.Exercise6-ScrollViewNotOnlyCode";
				PRODUCT_NAME = "$(TARGET_NAME)";
			};
			name = Debug;
		};
		99234F351D1926B900A6242A /* Release */ = {
			isa = XCBuildConfiguration;
			buildSettings = {
				ASSETCATALOG_COMPILER_APPICON_NAME = AppIcon;
				INFOPLIST_FILE = Exercise6_ScrollViewNotOnlyCode/Info.plist;
				LD_RUNPATH_SEARCH_PATHS = "$(inherited) @executable_path/Frameworks";
				PRODUCT_BUNDLE_IDENTIFIER = "com.suhv.Exercise6-ScrollViewNotOnlyCode";
				PRODUCT_NAME = "$(TARGET_NAME)";
			};
			name = Release;
		};
/* End XCBuildConfiguration section */

/* Begin XCConfigurationList section */
		99234F1C1D1926B900A6242A /* Build configuration list for PBXProject "Exercise6_ScrollViewNotOnlyCode" */ = {
			isa = XCConfigurationList;
			buildConfigurations = (
				99234F311D1926B900A6242A /* Debug */,
				99234F321D1926B900A6242A /* Release */,
			);
			defaultConfigurationIsVisible = 0;
			defaultConfigurationName = Release;
		};
		99234F331D1926B900A6242A /* Build configuration list for PBXNativeTarget "Exercise6_ScrollViewNotOnlyCode" */ = {
			isa = XCConfigurationList;
			buildConfigurations = (
				99234F341D1926B900A6242A /* Debug */,
				99234F351D1926B900A6242A /* Release */,
			);
			defaultConfigurationIsVisible = 0;
			defaultConfigurationName = Release;
		};
/* End XCConfigurationList section */
	};
	rootObject = 99234F191D1926B900A6242A /* Project object */;
}
