// !$*UTF8*$!
{
	archiveVersion = 1;
	classes = {
	};
	objectVersion = 46;
	objects = {

/* Begin PBXBuildFile section */
		9971DCBD1D1BC44A00AEB853 /* AppDelegate.swift in Sources */ = {isa = PBXBuildFile; fileRef = 9971DCBC1D1BC44A00AEB853 /* AppDelegate.swift */; };
		9971DCBF1D1BC44A00AEB853 /* ViewController.swift in Sources */ = {isa = PBXBuildFile; fileRef = 9971DCBE1D1BC44A00AEB853 /* ViewController.swift */; };
		9971DCC41D1BC44A00AEB853 /* Assets.xcassets in Resources */ = {isa = PBXBuildFile; fileRef = 9971DCC31D1BC44A00AEB853 /* Assets.xcassets */; };
		9971DCC71D1BC44A00AEB853 /* LaunchScreen.storyboard in Resources */ = {isa = PBXBuildFile; fileRef = 9971DCC51D1BC44A00AEB853 /* LaunchScreen.storyboard */; };
		9971DCD01D1BC47300AEB853 /* HomeViewController.swift in Sources */ = {isa = PBXBuildFile; fileRef = 9971DCCE1D1BC47300AEB853 /* HomeViewController.swift */; };
		9971DCD11D1BC47300AEB853 /* HomeViewController.xib in Resources */ = {isa = PBXBuildFile; fileRef = 9971DCCF1D1BC47300AEB853 /* HomeViewController.xib */; };
/* End PBXBuildFile section */

/* Begin PBXFileReference section */
		9971DCB91D1BC44A00AEB853 /* Exercise7_ChangeSize.app */ = {isa = PBXFileReference; explicitFileType = wrapper.application; includeInIndex = 0; path = Exercise7_ChangeSize.app; sourceTree = BUILT_PRODUCTS_DIR; };
		9971DCBC1D1BC44A00AEB853 /* AppDelegate.swift */ = {isa = PBXFileReference; lastKnownFileType = sourcecode.swift; path = AppDelegate.swift; sourceTree = "<group>"; };
		9971DCBE1D1BC44A00AEB853 /* ViewController.swift */ = {isa = PBXFileReference; lastKnownFileType = sourcecode.swift; path = ViewController.swift; sourceTree = "<group>"; };
		9971DCC31D1BC44A00AEB853 /* Assets.xcassets */ = {isa = PBXFileReference; lastKnownFileType = folder.assetcatalog; path = Assets.xcassets; sourceTree = "<group>"; };
		9971DCC61D1BC44A00AEB853 /* Base */ = {isa = PBXFileReference; lastKnownFileType = file.storyboard; name = Base; path = Base.lproj/LaunchScreen.storyboard; sourceTree = "<group>"; };
		9971DCC81D1BC44A00AEB853 /* Info.plist */ = {isa = PBXFileReference; lastKnownFileType = text.plist.xml; path = Info.plist; sourceTree = "<group>"; };
		9971DCCE1D1BC47300AEB853 /* HomeViewController.swift */ = {isa = PBXFileReference; fileEncoding = 4; lastKnownFileType = sourcecode.swift; path = HomeViewController.swift; sourceTree = "<group>"; };
		9971DCCF1D1BC47300AEB853 /* HomeViewController.xib */ = {isa = PBXFileReference; fileEncoding = 4; lastKnownFileType = file.xib; path = HomeViewController.xib; sourceTree = "<group>"; };
/* End PBXFileReference section */

/* Begin PBXFrameworksBuildPhase section */
		9971DCB61D1BC44A00AEB853 /* Frameworks */ = {
			isa = PBXFrameworksBuildPhase;
			buildActionMask = 2147483647;
			files = (
			);
			runOnlyForDeploymentPostprocessing = 0;
		};
/* End PBXFrameworksBuildPhase section */

/* Begin PBXGroup section */
		9971DCB01D1BC44A00AEB853 = {
			isa = PBXGroup;
			children = (
				9971DCBB1D1BC44A00AEB853 /* Exercise7_ChangeSize */,
				9971DCBA1D1BC44A00AEB853 /* Products */,
			);
			sourceTree = "<group>";
		};
		9971DCBA1D1BC44A00AEB853 /* Products */ = {
			isa = PBXGroup;
			children = (
				9971DCB91D1BC44A00AEB853 /* Exercise7_ChangeSize.app */,
			);
			name = Products;
			sourceTree = "<group>";
		};
		9971DCBB1D1BC44A00AEB853 /* Exercise7_ChangeSize */ = {
			isa = PBXGroup;
			children = (
				9971DCBC1D1BC44A00AEB853 /* AppDelegate.swift */,
				9971DCBE1D1BC44A00AEB853 /* ViewController.swift */,
				9971DCC31D1BC44A00AEB853 /* Assets.xcassets */,
				9971DCC51D1BC44A00AEB853 /* LaunchScreen.storyboard */,
				9971DCC81D1BC44A00AEB853 /* Info.plist */,
				9971DCCE1D1BC47300AEB853 /* HomeViewController.swift */,
				9971DCCF1D1BC47300AEB853 /* HomeViewController.xib */,
			);
			path = Exercise7_ChangeSize;
			sourceTree = "<group>";
		};
/* End PBXGroup section */

/* Begin PBXNativeTarget section */
		9971DCB81D1BC44A00AEB853 /* Exercise7_ChangeSize */ = {
			isa = PBXNativeTarget;
			buildConfigurationList = 9971DCCB1D1BC44A00AEB853 /* Build configuration list for PBXNativeTarget "Exercise7_ChangeSize" */;
			buildPhases = (
				9971DCB51D1BC44A00AEB853 /* Sources */,
				9971DCB61D1BC44A00AEB853 /* Frameworks */,
				9971DCB71D1BC44A00AEB853 /* Resources */,
			);
			buildRules = (
			);
			dependencies = (
			);
			name = Exercise7_ChangeSize;
			productName = Exercise7_ChangeSize;
			productReference = 9971DCB91D1BC44A00AEB853 /* Exercise7_ChangeSize.app */;
			productType = "com.apple.product-type.application";
		};
/* End PBXNativeTarget section */

/* Begin PBXProject section */
		9971DCB11D1BC44A00AEB853 /* Project object */ = {
			isa = PBXProject;
			attributes = {
				LastSwiftUpdateCheck = 0730;
				LastUpgradeCheck = 0730;
				ORGANIZATIONNAME = "Ho Van Su";
				TargetAttributes = {
					9971DCB81D1BC44A00AEB853 = {
						CreatedOnToolsVersion = 7.3.1;
					};
				};
			};
			buildConfigurationList = 9971DCB41D1BC44A00AEB853 /* Build configuration list for PBXProject "Exercise7_ChangeSize" */;
			compatibilityVersion = "Xcode 3.2";
			developmentRegion = English;
			hasScannedForEncodings = 0;
			knownRegions = (
				en,
				Base,
			);
			mainGroup = 9971DCB01D1BC44A00AEB853;
			productRefGroup = 9971DCBA1D1BC44A00AEB853 /* Products */;
			projectDirPath = "";
			projectRoot = "";
			targets = (
				9971DCB81D1BC44A00AEB853 /* Exercise7_ChangeSize */,
			);
		};
/* End PBXProject section */

/* Begin PBXResourcesBuildPhase section */
		9971DCB71D1BC44A00AEB853 /* Resources */ = {
			isa = PBXResourcesBuildPhase;
			buildActionMask = 2147483647;
			files = (
				9971DCC71D1BC44A00AEB853 /* LaunchScreen.storyboard in Resources */,
				9971DCC41D1BC44A00AEB853 /* Assets.xcassets in Resources */,
				9971DCD11D1BC47300AEB853 /* HomeViewController.xib in Resources */,
			);
			runOnlyForDeploymentPostprocessing = 0;
		};
/* End PBXResourcesBuildPhase section */

/* Begin PBXSourcesBuildPhase section */
		9971DCB51D1BC44A00AEB853 /* Sources */ = {
			isa = PBXSourcesBuildPhase;
			buildActionMask = 2147483647;
			files = (
				9971DCBF1D1BC44A00AEB853 /* ViewController.swift in Sources */,
				9971DCBD1D1BC44A00AEB853 /* AppDelegate.swift in Sources */,
				9971DCD01D1BC47300AEB853 /* HomeViewController.swift in Sources */,
			);
			runOnlyForDeploymentPostprocessing = 0;
		};
/* End PBXSourcesBuildPhase section */

/* Begin PBXVariantGroup section */
		9971DCC51D1BC44A00AEB853 /* LaunchScreen.storyboard */ = {
			isa = PBXVariantGroup;
			children = (
				9971DCC61D1BC44A00AEB853 /* Base */,
			);
			name = LaunchScreen.storyboard;
			sourceTree = "<group>";
		};
/* End PBXVariantGroup section */

/* Begin XCBuildConfiguration section */
		9971DCC91D1BC44A00AEB853 /* Debug */ = {
			isa = XCBuildConfiguration;
			buildSettings = {
				ALWAYS_SEARCH_USER_PATHS = NO;
				CLANG_ANALYZER_NONNULL = YES;
				CLANG_CXX_LANGUAGE_STANDARD = "gnu++0x";
				CLANG_CXX_LIBRARY = "libc++";
				CLANG_ENABLE_MODULES = YES;
				CLANG_ENABLE_OBJC_ARC = YES;
				CLANG_WARN_BOOL_CONVERSION = YES;
				CLANG_WARN_CONSTANT_CONVERSION = YES;
				CLANG_WARN_DIRECT_OBJC_ISA_USAGE = YES_ERROR;
				CLANG_WARN_EMPTY_BODY = YES;
				CLANG_WARN_ENUM_CONVERSION = YES;
				CLANG_WARN_INT_CONVERSION = YES;
				CLANG_WARN_OBJC_ROOT_CLASS = YES_ERROR;
				CLANG_WARN_UNREACHABLE_CODE = YES;
				CLANG_WARN__DUPLICATE_METHOD_MATCH = YES;
				"CODE_SIGN_IDENTITY[sdk=iphoneos*]" = "iPhone Developer";
				COPY_PHASE_STRIP = NO;
				DEBUG_INFORMATION_FORMAT = dwarf;
				ENABLE_STRICT_OBJC_MSGSEND = YES;
				ENABLE_TESTABILITY = YES;
				GCC_C_LANGUAGE_STANDARD = gnu99;
				GCC_DYNAMIC_NO_PIC = NO;
				GCC_NO_COMMON_BLOCKS = YES;
				GCC_OPTIMIZATION_LEVEL = 0;
				GCC_PREPROCESSOR_DEFINITIONS = (
					"DEBUG=1",
					"$(inherited)",
				);
				GCC_WARN_64_TO_32_BIT_CONVERSION = YES;
				GCC_WARN_ABOUT_RETURN_TYPE = YES_ERROR;
				GCC_WARN_UNDECLARED_SELECTOR = YES;
				GCC_WARN_UNINITIALIZED_AUTOS = YES_AGGRESSIVE;
				GCC_WARN_UNUSED_FUNCTION = YES;
				GCC_WARN_UNUSED_VARIABLE = YES;
				IPHONEOS_DEPLOYMENT_TARGET = 9.3;
				MTL_ENABLE_DEBUG_INFO = YES;
				ONLY_ACTIVE_ARCH = YES;
				SDKROOT = iphoneos;
				SWIFT_OPTIMIZATION_LEVEL = "-Onone";
				TARGETED_DEVICE_FAMILY = "1,2";
			};
			name = Debug;
		};
		9971DCCA1D1BC44A00AEB853 /* Release */ = {
			isa = XCBuildConfiguration;
			buildSettings = {
				ALWAYS_SEARCH_USER_PATHS = NO;
				CLANG_ANALYZER_NONNULL = YES;
				CLANG_CXX_LANGUAGE_STANDARD = "gnu++0x";
				CLANG_CXX_LIBRARY = "libc++";
				CLANG_ENABLE_MODULES = YES;
				CLANG_ENABLE_OBJC_ARC = YES;
				CLANG_WARN_BOOL_CONVERSION = YES;
				CLANG_WARN_CONSTANT_CONVERSION = YES;
				CLANG_WARN_DIRECT_OBJC_ISA_USAGE = YES_ERROR;
				CLANG_WARN_EMPTY_BODY = YES;
				CLANG_WARN_ENUM_CONVERSION = YES;
				CLANG_WARN_INT_CONVERSION = YES;
				CLANG_WARN_OBJC_ROOT_CLASS = YES_ERROR;
				CLANG_WARN_UNREACHABLE_CODE = YES;
				CLANG_WARN__DUPLICATE_METHOD_MATCH = YES;
				"CODE_SIGN_IDENTITY[sdk=iphoneos*]" = "iPhone Developer";
				COPY_PHASE_STRIP = NO;
				DEBUG_INFORMATION_FORMAT = "dwarf-with-dsym";
				ENABLE_NS_ASSERTIONS = NO;
				ENABLE_STRICT_OBJC_MSGSEND = YES;
				GCC_C_LANGUAGE_STANDARD = gnu99;
				GCC_NO_COMMON_BLOCKS = YES;
				GCC_WARN_64_TO_32_BIT_CONVERSION = YES;
				GCC_WARN_ABOUT_RETURN_TYPE = YES_ERROR;
				GCC_WARN_UNDECLARED_SELECTOR = YES;
				GCC_WARN_UNINITIALIZED_AUTOS = YES_AGGRESSIVE;
				GCC_WARN_UNUSED_FUNCTION = YES;
				GCC_WARN_UNUSED_VARIABLE = YES;
				IPHONEOS_DEPLOYMENT_TARGET = 9.3;
				MTL_ENABLE_DEBUG_INFO = NO;
				SDKROOT = iphoneos;
				TARGETED_DEVICE_FAMILY = "1,2";
				VALIDATE_PRODUCT = YES;
			};
			name = Release;
		};
		9971DCCC1D1BC44A00AEB853 /* Debug */ = {
			isa = XCBuildConfiguration;
			buildSettings = {
				ASSETCATALOG_COMPILER_APPICON_NAME = AppIcon;
				INFOPLIST_FILE = Exercise7_ChangeSize/Info.plist;
				LD_RUNPATH_SEARCH_PATHS = "$(inherited) @executable_path/Frameworks";
				PRODUCT_BUNDLE_IDENTIFIER = "com.suhv.Exercise7-ChangeSize";
				PRODUCT_NAME = "$(TARGET_NAME)";
			};
			name = Debug;
		};
		9971DCCD1D1BC44A00AEB853 /* Release */ = {
			isa = XCBuildConfiguration;
			buildSettings = {
				ASSETCATALOG_COMPILER_APPICON_NAME = AppIcon;
				INFOPLIST_FILE = Exercise7_ChangeSize/Info.plist;
				LD_RUNPATH_SEARCH_PATHS = "$(inherited) @executable_path/Frameworks";
				PRODUCT_BUNDLE_IDENTIFIER = "com.suhv.Exercise7-ChangeSize";
				PRODUCT_NAME = "$(TARGET_NAME)";
			};
			name = Release;
		};
/* End XCBuildConfiguration section */

/* Begin XCConfigurationList section */
		9971DCB41D1BC44A00AEB853 /* Build configuration list for PBXProject "Exercise7_ChangeSize" */ = {
			isa = XCConfigurationList;
			buildConfigurations = (
				9971DCC91D1BC44A00AEB853 /* Debug */,
				9971DCCA1D1BC44A00AEB853 /* Release */,
			);
			defaultConfigurationIsVisible = 0;
			defaultConfigurationName = Release;
		};
		9971DCCB1D1BC44A00AEB853 /* Build configuration list for PBXNativeTarget "Exercise7_ChangeSize" */ = {
			isa = XCConfigurationList;
			buildConfigurations = (
				9971DCCC1D1BC44A00AEB853 /* Debug */,
				9971DCCD1D1BC44A00AEB853 /* Release */,
			);
			defaultConfigurationIsVisible = 0;
			defaultConfigurationName = Release;
		};
/* End XCConfigurationList section */
	};
	rootObject = 9971DCB11D1BC44A00AEB853 /* Project object */;
}
