// !$*UTF8*$!
{
	archiveVersion = 1;
	classes = {
	};
	objectVersion = 46;
	objects = {

/* Begin PBXBuildFile section */
		65F5566CCF56F991290EC94B /* Pods_TestLoginFoursquare.framework in Frameworks */ = {isa = PBXBuildFile; fileRef = 445F300811AB37E9B47BC757 /* Pods_TestLoginFoursquare.framework */; };
		99DB750E1D73D70A00CB8CBE /* AppDelegate.swift in Sources */ = {isa = PBXBuildFile; fileRef = 99DB750D1D73D70A00CB8CBE /* AppDelegate.swift */; };
		99DB75151D73D70A00CB8CBE /* Assets.xcassets in Resources */ = {isa = PBXBuildFile; fileRef = 99DB75141D73D70A00CB8CBE /* Assets.xcassets */; };
		99DB75211D73D7BE00CB8CBE /* HomeViewController.swift in Sources */ = {isa = PBXBuildFile; fileRef = 99DB751F1D73D7BE00CB8CBE /* HomeViewController.swift */; };
		99DB75221D73D7BE00CB8CBE /* HomeViewController.xib in Resources */ = {isa = PBXBuildFile; fileRef = 99DB75201D73D7BE00CB8CBE /* HomeViewController.xib */; };
/* End PBXBuildFile section */

/* Begin PBXFileReference section */
		445F300811AB37E9B47BC757 /* Pods_TestLoginFoursquare.framework */ = {isa = PBXFileReference; explicitFileType = wrapper.framework; includeInIndex = 0; path = Pods_TestLoginFoursquare.framework; sourceTree = BUILT_PRODUCTS_DIR; };
		71E8BAEEE1DFE5152FB6A78D /* Pods-TestLoginFoursquare.release.xcconfig */ = {isa = PBXFileReference; includeInIndex = 1; lastKnownFileType = text.xcconfig; name = "Pods-TestLoginFoursquare.release.xcconfig"; path = "Pods/Target Support Files/Pods-TestLoginFoursquare/Pods-TestLoginFoursquare.release.xcconfig"; sourceTree = "<group>"; };
		99DB750A1D73D70A00CB8CBE /* TestLoginFoursquare.app */ = {isa = PBXFileReference; explicitFileType = wrapper.application; includeInIndex = 0; path = TestLoginFoursquare.app; sourceTree = BUILT_PRODUCTS_DIR; };
		99DB750D1D73D70A00CB8CBE /* AppDelegate.swift */ = {isa = PBXFileReference; lastKnownFileType = sourcecode.swift; path = AppDelegate.swift; sourceTree = "<group>"; };
		99DB75141D73D70A00CB8CBE /* Assets.xcassets */ = {isa = PBXFileReference; lastKnownFileType = folder.assetcatalog; path = Assets.xcassets; sourceTree = "<group>"; };
		99DB75191D73D70A00CB8CBE /* Info.plist */ = {isa = PBXFileReference; lastKnownFileType = text.plist.xml; path = Info.plist; sourceTree = "<group>"; };
		99DB751F1D73D7BE00CB8CBE /* HomeViewController.swift */ = {isa = PBXFileReference; fileEncoding = 4; lastKnownFileType = sourcecode.swift; path = HomeViewController.swift; sourceTree = "<group>"; };
		99DB75201D73D7BE00CB8CBE /* HomeViewController.xib */ = {isa = PBXFileReference; fileEncoding = 4; lastKnownFileType = file.xib; path = HomeViewController.xib; sourceTree = "<group>"; };
		9A60D044B3036FFFCAC26222 /* Pods-TestLoginFoursquare.debug.xcconfig */ = {isa = PBXFileReference; includeInIndex = 1; lastKnownFileType = text.xcconfig; name = "Pods-TestLoginFoursquare.debug.xcconfig"; path = "Pods/Target Support Files/Pods-TestLoginFoursquare/Pods-TestLoginFoursquare.debug.xcconfig"; sourceTree = "<group>"; };
/* End PBXFileReference section */

/* Begin PBXFrameworksBuildPhase section */
		99DB75071D73D70A00CB8CBE /* Frameworks */ = {
			isa = PBXFrameworksBuildPhase;
			buildActionMask = 2147483647;
			files = (
				65F5566CCF56F991290EC94B /* Pods_TestLoginFoursquare.framework in Frameworks */,
			);
			runOnlyForDeploymentPostprocessing = 0;
		};
/* End PBXFrameworksBuildPhase section */

/* Begin PBXGroup section */
		2931B26112A02DDFEA14E2DE /* Pods */ = {
			isa = PBXGroup;
			children = (
				9A60D044B3036FFFCAC26222 /* Pods-TestLoginFoursquare.debug.xcconfig */,
				71E8BAEEE1DFE5152FB6A78D /* Pods-TestLoginFoursquare.release.xcconfig */,
			);
			name = Pods;
			sourceTree = "<group>";
		};
		3E11032C691602474AD32FB0 /* Frameworks */ = {
			isa = PBXGroup;
			children = (
				445F300811AB37E9B47BC757 /* Pods_TestLoginFoursquare.framework */,
			);
			name = Frameworks;
			sourceTree = "<group>";
		};
		99DB75011D73D70A00CB8CBE = {
			isa = PBXGroup;
			children = (
				99DB750C1D73D70A00CB8CBE /* TestLoginFoursquare */,
				99DB750B1D73D70A00CB8CBE /* Products */,
				2931B26112A02DDFEA14E2DE /* Pods */,
				3E11032C691602474AD32FB0 /* Frameworks */,
			);
			sourceTree = "<group>";
		};
		99DB750B1D73D70A00CB8CBE /* Products */ = {
			isa = PBXGroup;
			children = (
				99DB750A1D73D70A00CB8CBE /* TestLoginFoursquare.app */,
			);
			name = Products;
			sourceTree = "<group>";
		};
		99DB750C1D73D70A00CB8CBE /* TestLoginFoursquare */ = {
			isa = PBXGroup;
			children = (
				99DB750D1D73D70A00CB8CBE /* AppDelegate.swift */,
				99DB75141D73D70A00CB8CBE /* Assets.xcassets */,
				99DB75191D73D70A00CB8CBE /* Info.plist */,
				99DB751F1D73D7BE00CB8CBE /* HomeViewController.swift */,
				99DB75201D73D7BE00CB8CBE /* HomeViewController.xib */,
			);
			path = TestLoginFoursquare;
			sourceTree = "<group>";
		};
/* End PBXGroup section */

/* Begin PBXNativeTarget section */
		99DB75091D73D70A00CB8CBE /* TestLoginFoursquare */ = {
			isa = PBXNativeTarget;
			buildConfigurationList = 99DB751C1D73D70A00CB8CBE /* Build configuration list for PBXNativeTarget "TestLoginFoursquare" */;
			buildPhases = (
				7D0EB829F4E846DC8C18D959 /* [CP] Check Pods Manifest.lock */,
				99DB75061D73D70A00CB8CBE /* Sources */,
				99DB75071D73D70A00CB8CBE /* Frameworks */,
				99DB75081D73D70A00CB8CBE /* Resources */,
				7712CCAFEBFB062EA8B65067 /* [CP] Embed Pods Frameworks */,
				139854A93DD76E3FE598501C /* [CP] Copy Pods Resources */,
			);
			buildRules = (
			);
			dependencies = (
			);
			name = TestLoginFoursquare;
			productName = TestLoginFoursquare;
			productReference = 99DB750A1D73D70A00CB8CBE /* TestLoginFoursquare.app */;
			productType = "com.apple.product-type.application";
		};
/* End PBXNativeTarget section */

/* Begin PBXProject section */
		99DB75021D73D70A00CB8CBE /* Project object */ = {
			isa = PBXProject;
			attributes = {
				LastSwiftUpdateCheck = 0730;
				LastUpgradeCheck = 0730;
				ORGANIZATIONNAME = "Ho Van Su";
				TargetAttributes = {
					99DB75091D73D70A00CB8CBE = {
						CreatedOnToolsVersion = 7.3.1;
					};
				};
			};
			buildConfigurationList = 99DB75051D73D70A00CB8CBE /* Build configuration list for PBXProject "TestLoginFoursquare" */;
			compatibilityVersion = "Xcode 3.2";
			developmentRegion = English;
			hasScannedForEncodings = 0;
			knownRegions = (
				en,
				Base,
			);
			mainGroup = 99DB75011D73D70A00CB8CBE;
			productRefGroup = 99DB750B1D73D70A00CB8CBE /* Products */;
			projectDirPath = "";
			projectRoot = "";
			targets = (
				99DB75091D73D70A00CB8CBE /* TestLoginFoursquare */,
			);
		};
/* End PBXProject section */

/* Begin PBXResourcesBuildPhase section */
		99DB75081D73D70A00CB8CBE /* Resources */ = {
			isa = PBXResourcesBuildPhase;
			buildActionMask = 2147483647;
			files = (
				99DB75151D73D70A00CB8CBE /* Assets.xcassets in Resources */,
				99DB75221D73D7BE00CB8CBE /* HomeViewController.xib in Resources */,
			);
			runOnlyForDeploymentPostprocessing = 0;
		};
/* End PBXResourcesBuildPhase section */

/* Begin PBXShellScriptBuildPhase section */
		139854A93DD76E3FE598501C /* [CP] Copy Pods Resources */ = {
			isa = PBXShellScriptBuildPhase;
			buildActionMask = 2147483647;
			files = (
			);
			inputPaths = (
			);
			name = "[CP] Copy Pods Resources";
			outputPaths = (
			);
			runOnlyForDeploymentPostprocessing = 0;
			shellPath = /bin/sh;
			shellScript = "\"${SRCROOT}/Pods/Target Support Files/Pods-TestLoginFoursquare/Pods-TestLoginFoursquare-resources.sh\"\n";
			showEnvVarsInLog = 0;
		};
		7712CCAFEBFB062EA8B65067 /* [CP] Embed Pods Frameworks */ = {
			isa = PBXShellScriptBuildPhase;
			buildActionMask = 2147483647;
			files = (
			);
			inputPaths = (
			);
			name = "[CP] Embed Pods Frameworks";
			outputPaths = (
			);
			runOnlyForDeploymentPostprocessing = 0;
			shellPath = /bin/sh;
			shellScript = "\"${SRCROOT}/Pods/Target Support Files/Pods-TestLoginFoursquare/Pods-TestLoginFoursquare-frameworks.sh\"\n";
			showEnvVarsInLog = 0;
		};
		7D0EB829F4E846DC8C18D959 /* [CP] Check Pods Manifest.lock */ = {
			isa = PBXShellScriptBuildPhase;
			buildActionMask = 2147483647;
			files = (
			);
			inputPaths = (
			);
			name = "[CP] Check Pods Manifest.lock";
			outputPaths = (
			);
			runOnlyForDeploymentPostprocessing = 0;
			shellPath = /bin/sh;
			shellScript = "diff \"${PODS_ROOT}/../Podfile.lock\" \"${PODS_ROOT}/Manifest.lock\" > /dev/null\nif [[ $? != 0 ]] ; then\n    cat << EOM\nerror: The sandbox is not in sync with the Podfile.lock. Run 'pod install' or update your CocoaPods installation.\nEOM\n    exit 1\nfi\n";
			showEnvVarsInLog = 0;
		};
/* End PBXShellScriptBuildPhase section */

/* Begin PBXSourcesBuildPhase section */
		99DB75061D73D70A00CB8CBE /* Sources */ = {
			isa = PBXSourcesBuildPhase;
			buildActionMask = 2147483647;
			files = (
				99DB750E1D73D70A00CB8CBE /* AppDelegate.swift in Sources */,
				99DB75211D73D7BE00CB8CBE /* HomeViewController.swift in Sources */,
			);
			runOnlyForDeploymentPostprocessing = 0;
		};
/* End PBXSourcesBuildPhase section */

/* Begin XCBuildConfiguration section */
		99DB751A1D73D70A00CB8CBE /* Debug */ = {
			isa = XCBuildConfiguration;
			buildSettings = {
				ALWAYS_SEARCH_USER_PATHS = NO;
				CLANG_ANALYZER_NONNULL = YES;
				CLANG_CXX_LANGUAGE_STANDARD = "gnu++0x";
				CLANG_CXX_LIBRARY = "libc++";
				CLANG_ENABLE_MODULES = YES;
				CLANG_ENABLE_OBJC_ARC = YES;
				CLANG_WARN_BOOL_CONVERSION = YES;
				CLANG_WARN_CONSTANT_CONVERSION = YES;
				CLANG_WARN_DIRECT_OBJC_ISA_USAGE = YES_ERROR;
				CLANG_WARN_EMPTY_BODY = YES;
				CLANG_WARN_ENUM_CONVERSION = YES;
				CLANG_WARN_INT_CONVERSION = YES;
				CLANG_WARN_OBJC_ROOT_CLASS = YES_ERROR;
				CLANG_WARN_UNREACHABLE_CODE = YES;
				CLANG_WARN__DUPLICATE_METHOD_MATCH = YES;
				"CODE_SIGN_IDENTITY[sdk=iphoneos*]" = "iPhone Developer";
				COPY_PHASE_STRIP = NO;
				DEBUG_INFORMATION_FORMAT = dwarf;
				ENABLE_STRICT_OBJC_MSGSEND = YES;
				ENABLE_TESTABILITY = YES;
				GCC_C_LANGUAGE_STANDARD = gnu99;
				GCC_DYNAMIC_NO_PIC = NO;
				GCC_NO_COMMON_BLOCKS = YES;
				GCC_OPTIMIZATION_LEVEL = 0;
				GCC_PREPROCESSOR_DEFINITIONS = (
					"DEBUG=1",
					"$(inherited)",
				);
				GCC_WARN_64_TO_32_BIT_CONVERSION = YES;
				GCC_WARN_ABOUT_RETURN_TYPE = YES_ERROR;
				GCC_WARN_UNDECLARED_SELECTOR = YES;
				GCC_WARN_UNINITIALIZED_AUTOS = YES_AGGRESSIVE;
				GCC_WARN_UNUSED_FUNCTION = YES;
				GCC_WARN_UNUSED_VARIABLE = YES;
				IPHONEOS_DEPLOYMENT_TARGET = 9.3;
				MTL_ENABLE_DEBUG_INFO = YES;
				ONLY_ACTIVE_ARCH = YES;
				SDKROOT = iphoneos;
				SWIFT_OPTIMIZATION_LEVEL = "-Onone";
				TARGETED_DEVICE_FAMILY = "1,2";
			};
			name = Debug;
		};
		99DB751B1D73D70A00CB8CBE /* Release */ = {
			isa = XCBuildConfiguration;
			buildSettings = {
				ALWAYS_SEARCH_USER_PATHS = NO;
				CLANG_ANALYZER_NONNULL = YES;
				CLANG_CXX_LANGUAGE_STANDARD = "gnu++0x";
				CLANG_CXX_LIBRARY = "libc++";
				CLANG_ENABLE_MODULES = YES;
				CLANG_ENABLE_OBJC_ARC = YES;
				CLANG_WARN_BOOL_CONVERSION = YES;
				CLANG_WARN_CONSTANT_CONVERSION = YES;
				CLANG_WARN_DIRECT_OBJC_ISA_USAGE = YES_ERROR;
				CLANG_WARN_EMPTY_BODY = YES;
				CLANG_WARN_ENUM_CONVERSION = YES;
				CLANG_WARN_INT_CONVERSION = YES;
				CLANG_WARN_OBJC_ROOT_CLASS = YES_ERROR;
				CLANG_WARN_UNREACHABLE_CODE = YES;
				CLANG_WARN__DUPLICATE_METHOD_MATCH = YES;
				"CODE_SIGN_IDENTITY[sdk=iphoneos*]" = "iPhone Developer";
				COPY_PHASE_STRIP = NO;
				DEBUG_INFORMATION_FORMAT = "dwarf-with-dsym";
				ENABLE_NS_ASSERTIONS = NO;
				ENABLE_STRICT_OBJC_MSGSEND = YES;
				GCC_C_LANGUAGE_STANDARD = gnu99;
				GCC_NO_COMMON_BLOCKS = YES;
				GCC_WARN_64_TO_32_BIT_CONVERSION = YES;
				GCC_WARN_ABOUT_RETURN_TYPE = YES_ERROR;
				GCC_WARN_UNDECLARED_SELECTOR = YES;
				GCC_WARN_UNINITIALIZED_AUTOS = YES_AGGRESSIVE;
				GCC_WARN_UNUSED_FUNCTION = YES;
				GCC_WARN_UNUSED_VARIABLE = YES;
				IPHONEOS_DEPLOYMENT_TARGET = 9.3;
				MTL_ENABLE_DEBUG_INFO = NO;
				SDKROOT = iphoneos;
				TARGETED_DEVICE_FAMILY = "1,2";
				VALIDATE_PRODUCT = YES;
			};
			name = Release;
		};
		99DB751D1D73D70A00CB8CBE /* Debug */ = {
			isa = XCBuildConfiguration;
			baseConfigurationReference = 9A60D044B3036FFFCAC26222 /* Pods-TestLoginFoursquare.debug.xcconfig */;
			buildSettings = {
				ASSETCATALOG_COMPILER_APPICON_NAME = AppIcon;
				INFOPLIST_FILE = TestLoginFoursquare/Info.plist;
				LD_RUNPATH_SEARCH_PATHS = "$(inherited) @executable_path/Frameworks";
				PRODUCT_BUNDLE_IDENTIFIER = com.suhv.TestLoginFoursquare;
				PRODUCT_NAME = "$(TARGET_NAME)";
			};
			name = Debug;
		};
		99DB751E1D73D70A00CB8CBE /* Release */ = {
			isa = XCBuildConfiguration;
			baseConfigurationReference = 71E8BAEEE1DFE5152FB6A78D /* Pods-TestLoginFoursquare.release.xcconfig */;
			buildSettings = {
				ASSETCATALOG_COMPILER_APPICON_NAME = AppIcon;
				INFOPLIST_FILE = TestLoginFoursquare/Info.plist;
				LD_RUNPATH_SEARCH_PATHS = "$(inherited) @executable_path/Frameworks";
				PRODUCT_BUNDLE_IDENTIFIER = com.suhv.TestLoginFoursquare;
				PRODUCT_NAME = "$(TARGET_NAME)";
			};
			name = Release;
		};
/* End XCBuildConfiguration section */

/* Begin XCConfigurationList section */
		99DB75051D73D70A00CB8CBE /* Build configuration list for PBXProject "TestLoginFoursquare" */ = {
			isa = XCConfigurationList;
			buildConfigurations = (
				99DB751A1D73D70A00CB8CBE /* Debug */,
				99DB751B1D73D70A00CB8CBE /* Release */,
			);
			defaultConfigurationIsVisible = 0;
			defaultConfigurationName = Release;
		};
		99DB751C1D73D70A00CB8CBE /* Build configuration list for PBXNativeTarget "TestLoginFoursquare" */ = {
			isa = XCConfigurationList;
			buildConfigurations = (
				99DB751D1D73D70A00CB8CBE /* Debug */,
				99DB751E1D73D70A00CB8CBE /* Release */,
			);
			defaultConfigurationIsVisible = 0;
			defaultConfigurationName = Release;
		};
/* End XCConfigurationList section */
	};
	rootObject = 99DB75021D73D70A00CB8CBE /* Project object */;
}
