// !$*UTF8*$!
{
	archiveVersion = 1;
	classes = {
	};
	objectVersion = 46;
	objects = {

/* Begin PBXBuildFile section */
		9915B0671D223011007E0999 /* DetailProfileViewController.swift in Sources */ = {isa = PBXBuildFile; fileRef = 9915B0651D223011007E0999 /* DetailProfileViewController.swift */; };
		9915B0681D223011007E0999 /* DetailProfileViewController.xib in Resources */ = {isa = PBXBuildFile; fileRef = 9915B0661D223011007E0999 /* DetailProfileViewController.xib */; };
		9915B06A1D2238BA007E0999 /* students.plist in Resources */ = {isa = PBXBuildFile; fileRef = 9915B0691D2238BA007E0999 /* students.plist */; };
		995CFD991D22228300171B25 /* AppDelegate.swift in Sources */ = {isa = PBXBuildFile; fileRef = 995CFD981D22228300171B25 /* AppDelegate.swift */; };
		995CFD9B1D22228300171B25 /* ViewController.swift in Sources */ = {isa = PBXBuildFile; fileRef = 995CFD9A1D22228300171B25 /* ViewController.swift */; };
		995CFDA01D22228300171B25 /* Assets.xcassets in Resources */ = {isa = PBXBuildFile; fileRef = 995CFD9F1D22228300171B25 /* Assets.xcassets */; };
		995CFDA31D22228300171B25 /* LaunchScreen.storyboard in Resources */ = {isa = PBXBuildFile; fileRef = 995CFDA11D22228300171B25 /* LaunchScreen.storyboard */; };
		995CFDAC1D22230800171B25 /* HomeViewController.swift in Sources */ = {isa = PBXBuildFile; fileRef = 995CFDAA1D22230800171B25 /* HomeViewController.swift */; };
		995CFDAD1D22230800171B25 /* HomeViewController.xib in Resources */ = {isa = PBXBuildFile; fileRef = 995CFDAB1D22230800171B25 /* HomeViewController.xib */; };
		995CFDB01D22273D00171B25 /* ProfileTableViewCell.swift in Sources */ = {isa = PBXBuildFile; fileRef = 995CFDAE1D22273D00171B25 /* ProfileTableViewCell.swift */; };
		995CFDB11D22273D00171B25 /* ProfileTableViewCell.xib in Resources */ = {isa = PBXBuildFile; fileRef = 995CFDAF1D22273D00171B25 /* ProfileTableViewCell.xib */; };
		995CFDB31D22297F00171B25 /* Student.swift in Sources */ = {isa = PBXBuildFile; fileRef = 995CFDB21D22297F00171B25 /* Student.swift */; };
/* End PBXBuildFile section */

/* Begin PBXFileReference section */
		9915B0651D223011007E0999 /* DetailProfileViewController.swift */ = {isa = PBXFileReference; fileEncoding = 4; lastKnownFileType = sourcecode.swift; path = DetailProfileViewController.swift; sourceTree = "<group>"; };
		9915B0661D223011007E0999 /* DetailProfileViewController.xib */ = {isa = PBXFileReference; fileEncoding = 4; lastKnownFileType = file.xib; path = DetailProfileViewController.xib; sourceTree = "<group>"; };
		9915B0691D2238BA007E0999 /* students.plist */ = {isa = PBXFileReference; fileEncoding = 4; lastKnownFileType = text.plist.xml; path = students.plist; sourceTree = "<group>"; };
		995CFD951D22228300171B25 /* Exercise5_MasterDetail_Update.app */ = {isa = PBXFileReference; explicitFileType = wrapper.application; includeInIndex = 0; path = Exercise5_MasterDetail_Update.app; sourceTree = BUILT_PRODUCTS_DIR; };
		995CFD981D22228300171B25 /* AppDelegate.swift */ = {isa = PBXFileReference; lastKnownFileType = sourcecode.swift; path = AppDelegate.swift; sourceTree = "<group>"; };
		995CFD9A1D22228300171B25 /* ViewController.swift */ = {isa = PBXFileReference; lastKnownFileType = sourcecode.swift; path = ViewController.swift; sourceTree = "<group>"; };
		995CFD9F1D22228300171B25 /* Assets.xcassets */ = {isa = PBXFileReference; lastKnownFileType = folder.assetcatalog; path = Assets.xcassets; sourceTree = "<group>"; };
		995CFDA21D22228300171B25 /* Base */ = {isa = PBXFileReference; lastKnownFileType = file.storyboard; name = Base; path = Base.lproj/LaunchScreen.storyboard; sourceTree = "<group>"; };
		995CFDA41D22228300171B25 /* Info.plist */ = {isa = PBXFileReference; lastKnownFileType = text.plist.xml; path = Info.plist; sourceTree = "<group>"; };
		995CFDAA1D22230800171B25 /* HomeViewController.swift */ = {isa = PBXFileReference; fileEncoding = 4; lastKnownFileType = sourcecode.swift; path = HomeViewController.swift; sourceTree = "<group>"; };
		995CFDAB1D22230800171B25 /* HomeViewController.xib */ = {isa = PBXFileReference; fileEncoding = 4; lastKnownFileType = file.xib; path = HomeViewController.xib; sourceTree = "<group>"; };
		995CFDAE1D22273D00171B25 /* ProfileTableViewCell.swift */ = {isa = PBXFileReference; fileEncoding = 4; lastKnownFileType = sourcecode.swift; path = ProfileTableViewCell.swift; sourceTree = "<group>"; };
		995CFDAF1D22273D00171B25 /* ProfileTableViewCell.xib */ = {isa = PBXFileReference; fileEncoding = 4; lastKnownFileType = file.xib; path = ProfileTableViewCell.xib; sourceTree = "<group>"; };
		995CFDB21D22297F00171B25 /* Student.swift */ = {isa = PBXFileReference; fileEncoding = 4; lastKnownFileType = sourcecode.swift; path = Student.swift; sourceTree = "<group>"; };
/* End PBXFileReference section */

/* Begin PBXFrameworksBuildPhase section */
		995CFD921D22228300171B25 /* Frameworks */ = {
			isa = PBXFrameworksBuildPhase;
			buildActionMask = 2147483647;
			files = (
			);
			runOnlyForDeploymentPostprocessing = 0;
		};
/* End PBXFrameworksBuildPhase section */

/* Begin PBXGroup section */
		995CFD8C1D22228300171B25 = {
			isa = PBXGroup;
			children = (
				995CFD971D22228300171B25 /* Exercise5_MasterDetail_Update */,
				995CFD961D22228300171B25 /* Products */,
			);
			sourceTree = "<group>";
		};
		995CFD961D22228300171B25 /* Products */ = {
			isa = PBXGroup;
			children = (
				995CFD951D22228300171B25 /* Exercise5_MasterDetail_Update.app */,
			);
			name = Products;
			sourceTree = "<group>";
		};
		995CFD971D22228300171B25 /* Exercise5_MasterDetail_Update */ = {
			isa = PBXGroup;
			children = (
				995CFD981D22228300171B25 /* AppDelegate.swift */,
				995CFD9A1D22228300171B25 /* ViewController.swift */,
				995CFD9F1D22228300171B25 /* Assets.xcassets */,
				995CFDA11D22228300171B25 /* LaunchScreen.storyboard */,
				995CFDA41D22228300171B25 /* Info.plist */,
				995CFDAA1D22230800171B25 /* HomeViewController.swift */,
				995CFDAB1D22230800171B25 /* HomeViewController.xib */,
				995CFDAE1D22273D00171B25 /* ProfileTableViewCell.swift */,
				995CFDAF1D22273D00171B25 /* ProfileTableViewCell.xib */,
				995CFDB21D22297F00171B25 /* Student.swift */,
				9915B0651D223011007E0999 /* DetailProfileViewController.swift */,
				9915B0661D223011007E0999 /* DetailProfileViewController.xib */,
				9915B0691D2238BA007E0999 /* students.plist */,
			);
			path = Exercise5_MasterDetail_Update;
			sourceTree = "<group>";
		};
/* End PBXGroup section */

/* Begin PBXNativeTarget section */
		995CFD941D22228300171B25 /* Exercise5_MasterDetail_Update */ = {
			isa = PBXNativeTarget;
			buildConfigurationList = 995CFDA71D22228300171B25 /* Build configuration list for PBXNativeTarget "Exercise5_MasterDetail_Update" */;
			buildPhases = (
				995CFD911D22228300171B25 /* Sources */,
				995CFD921D22228300171B25 /* Frameworks */,
				995CFD931D22228300171B25 /* Resources */,
			);
			buildRules = (
			);
			dependencies = (
			);
			name = Exercise5_MasterDetail_Update;
			productName = Exercise5_MasterDetail_Update;
			productReference = 995CFD951D22228300171B25 /* Exercise5_MasterDetail_Update.app */;
			productType = "com.apple.product-type.application";
		};
/* End PBXNativeTarget section */

/* Begin PBXProject section */
		995CFD8D1D22228300171B25 /* Project object */ = {
			isa = PBXProject;
			attributes = {
				LastSwiftUpdateCheck = 0730;
				LastUpgradeCheck = 0730;
				ORGANIZATIONNAME = "Ho Van Su";
				TargetAttributes = {
					995CFD941D22228300171B25 = {
						CreatedOnToolsVersion = 7.3.1;
					};
				};
			};
			buildConfigurationList = 995CFD901D22228300171B25 /* Build configuration list for PBXProject "Exercise5_MasterDetail_Update" */;
			compatibilityVersion = "Xcode 3.2";
			developmentRegion = English;
			hasScannedForEncodings = 0;
			knownRegions = (
				en,
				Base,
			);
			mainGroup = 995CFD8C1D22228300171B25;
			productRefGroup = 995CFD961D22228300171B25 /* Products */;
			projectDirPath = "";
			projectRoot = "";
			targets = (
				995CFD941D22228300171B25 /* Exercise5_MasterDetail_Update */,
			);
		};
/* End PBXProject section */

/* Begin PBXResourcesBuildPhase section */
		995CFD931D22228300171B25 /* Resources */ = {
			isa = PBXResourcesBuildPhase;
			buildActionMask = 2147483647;
			files = (
				995CFDA31D22228300171B25 /* LaunchScreen.storyboard in Resources */,
				9915B0681D223011007E0999 /* DetailProfileViewController.xib in Resources */,
				995CFDB11D22273D00171B25 /* ProfileTableViewCell.xib in Resources */,
				995CFDA01D22228300171B25 /* Assets.xcassets in Resources */,
				9915B06A1D2238BA007E0999 /* students.plist in Resources */,
				995CFDAD1D22230800171B25 /* HomeViewController.xib in Resources */,
			);
			runOnlyForDeploymentPostprocessing = 0;
		};
/* End PBXResourcesBuildPhase section */

/* Begin PBXSourcesBuildPhase section */
		995CFD911D22228300171B25 /* Sources */ = {
			isa = PBXSourcesBuildPhase;
			buildActionMask = 2147483647;
			files = (
				995CFD9B1D22228300171B25 /* ViewController.swift in Sources */,
				995CFDB01D22273D00171B25 /* ProfileTableViewCell.swift in Sources */,
				995CFD991D22228300171B25 /* AppDelegate.swift in Sources */,
				9915B0671D223011007E0999 /* DetailProfileViewController.swift in Sources */,
				995CFDB31D22297F00171B25 /* Student.swift in Sources */,
				995CFDAC1D22230800171B25 /* HomeViewController.swift in Sources */,
			);
			runOnlyForDeploymentPostprocessing = 0;
		};
/* End PBXSourcesBuildPhase section */

/* Begin PBXVariantGroup section */
		995CFDA11D22228300171B25 /* LaunchScreen.storyboard */ = {
			isa = PBXVariantGroup;
			children = (
				995CFDA21D22228300171B25 /* Base */,
			);
			name = LaunchScreen.storyboard;
			sourceTree = "<group>";
		};
/* End PBXVariantGroup section */

/* Begin XCBuildConfiguration section */
		995CFDA51D22228300171B25 /* Debug */ = {
			isa = XCBuildConfiguration;
			buildSettings = {
				ALWAYS_SEARCH_USER_PATHS = NO;
				CLANG_ANALYZER_NONNULL = YES;
				CLANG_CXX_LANGUAGE_STANDARD = "gnu++0x";
				CLANG_CXX_LIBRARY = "libc++";
				CLANG_ENABLE_MODULES = YES;
				CLANG_ENABLE_OBJC_ARC = YES;
				CLANG_WARN_BOOL_CONVERSION = YES;
				CLANG_WARN_CONSTANT_CONVERSION = YES;
				CLANG_WARN_DIRECT_OBJC_ISA_USAGE = YES_ERROR;
				CLANG_WARN_EMPTY_BODY = YES;
				CLANG_WARN_ENUM_CONVERSION = YES;
				CLANG_WARN_INT_CONVERSION = YES;
				CLANG_WARN_OBJC_ROOT_CLASS = YES_ERROR;
				CLANG_WARN_UNREACHABLE_CODE = YES;
				CLANG_WARN__DUPLICATE_METHOD_MATCH = YES;
				"CODE_SIGN_IDENTITY[sdk=iphoneos*]" = "iPhone Developer";
				COPY_PHASE_STRIP = NO;
				DEBUG_INFORMATION_FORMAT = dwarf;
				ENABLE_STRICT_OBJC_MSGSEND = YES;
				ENABLE_TESTABILITY = YES;
				GCC_C_LANGUAGE_STANDARD = gnu99;
				GCC_DYNAMIC_NO_PIC = NO;
				GCC_NO_COMMON_BLOCKS = YES;
				GCC_OPTIMIZATION_LEVEL = 0;
				GCC_PREPROCESSOR_DEFINITIONS = (
					"DEBUG=1",
					"$(inherited)",
				);
				GCC_WARN_64_TO_32_BIT_CONVERSION = YES;
				GCC_WARN_ABOUT_RETURN_TYPE = YES_ERROR;
				GCC_WARN_UNDECLARED_SELECTOR = YES;
				GCC_WARN_UNINITIALIZED_AUTOS = YES_AGGRESSIVE;
				GCC_WARN_UNUSED_FUNCTION = YES;
				GCC_WARN_UNUSED_VARIABLE = YES;
				IPHONEOS_DEPLOYMENT_TARGET = 9.3;
				MTL_ENABLE_DEBUG_INFO = YES;
				ONLY_ACTIVE_ARCH = YES;
				SDKROOT = iphoneos;
				SWIFT_OPTIMIZATION_LEVEL = "-Onone";
				TARGETED_DEVICE_FAMILY = "1,2";
			};
			name = Debug;
		};
		995CFDA61D22228300171B25 /* Release */ = {
			isa = XCBuildConfiguration;
			buildSettings = {
				ALWAYS_SEARCH_USER_PATHS = NO;
				CLANG_ANALYZER_NONNULL = YES;
				CLANG_CXX_LANGUAGE_STANDARD = "gnu++0x";
				CLANG_CXX_LIBRARY = "libc++";
				CLANG_ENABLE_MODULES = YES;
				CLANG_ENABLE_OBJC_ARC = YES;
				CLANG_WARN_BOOL_CONVERSION = YES;
				CLANG_WARN_CONSTANT_CONVERSION = YES;
				CLANG_WARN_DIRECT_OBJC_ISA_USAGE = YES_ERROR;
				CLANG_WARN_EMPTY_BODY = YES;
				CLANG_WARN_ENUM_CONVERSION = YES;
				CLANG_WARN_INT_CONVERSION = YES;
				CLANG_WARN_OBJC_ROOT_CLASS = YES_ERROR;
				CLANG_WARN_UNREACHABLE_CODE = YES;
				CLANG_WARN__DUPLICATE_METHOD_MATCH = YES;
				"CODE_SIGN_IDENTITY[sdk=iphoneos*]" = "iPhone Developer";
				COPY_PHASE_STRIP = NO;
				DEBUG_INFORMATION_FORMAT = "dwarf-with-dsym";
				ENABLE_NS_ASSERTIONS = NO;
				ENABLE_STRICT_OBJC_MSGSEND = YES;
				GCC_C_LANGUAGE_STANDARD = gnu99;
				GCC_NO_COMMON_BLOCKS = YES;
				GCC_WARN_64_TO_32_BIT_CONVERSION = YES;
				GCC_WARN_ABOUT_RETURN_TYPE = YES_ERROR;
				GCC_WARN_UNDECLARED_SELECTOR = YES;
				GCC_WARN_UNINITIALIZED_AUTOS = YES_AGGRESSIVE;
				GCC_WARN_UNUSED_FUNCTION = YES;
				GCC_WARN_UNUSED_VARIABLE = YES;
				IPHONEOS_DEPLOYMENT_TARGET = 9.3;
				MTL_ENABLE_DEBUG_INFO = NO;
				SDKROOT = iphoneos;
				TARGETED_DEVICE_FAMILY = "1,2";
				VALIDATE_PRODUCT = YES;
			};
			name = Release;
		};
		995CFDA81D22228300171B25 /* Debug */ = {
			isa = XCBuildConfiguration;
			buildSettings = {
				ASSETCATALOG_COMPILER_APPICON_NAME = AppIcon;
				INFOPLIST_FILE = Exercise5_MasterDetail_Update/Info.plist;
				LD_RUNPATH_SEARCH_PATHS = "$(inherited) @executable_path/Frameworks";
				PRODUCT_BUNDLE_IDENTIFIER = "com.suhv.Exercise5-MasterDetail-Update";
				PRODUCT_NAME = "$(TARGET_NAME)";
			};
			name = Debug;
		};
		995CFDA91D22228300171B25 /* Release */ = {
			isa = XCBuildConfiguration;
			buildSettings = {
				ASSETCATALOG_COMPILER_APPICON_NAME = AppIcon;
				INFOPLIST_FILE = Exercise5_MasterDetail_Update/Info.plist;
				LD_RUNPATH_SEARCH_PATHS = "$(inherited) @executable_path/Frameworks";
				PRODUCT_BUNDLE_IDENTIFIER = "com.suhv.Exercise5-MasterDetail-Update";
				PRODUCT_NAME = "$(TARGET_NAME)";
			};
			name = Release;
		};
/* End XCBuildConfiguration section */

/* Begin XCConfigurationList section */
		995CFD901D22228300171B25 /* Build configuration list for PBXProject "Exercise5_MasterDetail_Update" */ = {
			isa = XCConfigurationList;
			buildConfigurations = (
				995CFDA51D22228300171B25 /* Debug */,
				995CFDA61D22228300171B25 /* Release */,
			);
			defaultConfigurationIsVisible = 0;
			defaultConfigurationName = Release;
		};
		995CFDA71D22228300171B25 /* Build configuration list for PBXNativeTarget "Exercise5_MasterDetail_Update" */ = {
			isa = XCConfigurationList;
			buildConfigurations = (
				995CFDA81D22228300171B25 /* Debug */,
				995CFDA91D22228300171B25 /* Release */,
			);
			defaultConfigurationIsVisible = 0;
			defaultConfigurationName = Release;
		};
/* End XCConfigurationList section */
	};
	rootObject = 995CFD8D1D22228300171B25 /* Project object */;
}
