// !$*UTF8*$!
{
	archiveVersion = 1;
	classes = {
	};
	objectVersion = 46;
	objects = {

/* Begin PBXBuildFile section */
		993B214B1D1BBA6700F87FC4 /* AppDelegate.swift in Sources */ = {isa = PBXBuildFile; fileRef = 993B214A1D1BBA6700F87FC4 /* AppDelegate.swift */; };
		993B214D1D1BBA6700F87FC4 /* ViewController.swift in Sources */ = {isa = PBXBuildFile; fileRef = 993B214C1D1BBA6700F87FC4 /* ViewController.swift */; };
		993B21521D1BBA6700F87FC4 /* Assets.xcassets in Resources */ = {isa = PBXBuildFile; fileRef = 993B21511D1BBA6700F87FC4 /* Assets.xcassets */; };
		993B21551D1BBA6700F87FC4 /* LaunchScreen.storyboard in Resources */ = {isa = PBXBuildFile; fileRef = 993B21531D1BBA6700F87FC4 /* LaunchScreen.storyboard */; };
		993B215E1D1BBA9800F87FC4 /* HomeViewController.swift in Sources */ = {isa = PBXBuildFile; fileRef = 993B215C1D1BBA9800F87FC4 /* HomeViewController.swift */; };
		993B215F1D1BBA9800F87FC4 /* HomeViewController.xib in Resources */ = {isa = PBXBuildFile; fileRef = 993B215D1D1BBA9800F87FC4 /* HomeViewController.xib */; };
/* End PBXBuildFile section */

/* Begin PBXFileReference section */
		993B21471D1BBA6700F87FC4 /* Exercise5_NotChangeSize.app */ = {isa = PBXFileReference; explicitFileType = wrapper.application; includeInIndex = 0; path = Exercise5_NotChangeSize.app; sourceTree = BUILT_PRODUCTS_DIR; };
		993B214A1D1BBA6700F87FC4 /* AppDelegate.swift */ = {isa = PBXFileReference; lastKnownFileType = sourcecode.swift; path = AppDelegate.swift; sourceTree = "<group>"; };
		993B214C1D1BBA6700F87FC4 /* ViewController.swift */ = {isa = PBXFileReference; lastKnownFileType = sourcecode.swift; path = ViewController.swift; sourceTree = "<group>"; };
		993B21511D1BBA6700F87FC4 /* Assets.xcassets */ = {isa = PBXFileReference; lastKnownFileType = folder.assetcatalog; path = Assets.xcassets; sourceTree = "<group>"; };
		993B21541D1BBA6700F87FC4 /* Base */ = {isa = PBXFileReference; lastKnownFileType = file.storyboard; name = Base; path = Base.lproj/LaunchScreen.storyboard; sourceTree = "<group>"; };
		993B21561D1BBA6700F87FC4 /* Info.plist */ = {isa = PBXFileReference; lastKnownFileType = text.plist.xml; path = Info.plist; sourceTree = "<group>"; };
		993B215C1D1BBA9800F87FC4 /* HomeViewController.swift */ = {isa = PBXFileReference; fileEncoding = 4; lastKnownFileType = sourcecode.swift; path = HomeViewController.swift; sourceTree = "<group>"; };
		993B215D1D1BBA9800F87FC4 /* HomeViewController.xib */ = {isa = PBXFileReference; fileEncoding = 4; lastKnownFileType = file.xib; path = HomeViewController.xib; sourceTree = "<group>"; };
/* End PBXFileReference section */

/* Begin PBXFrameworksBuildPhase section */
		993B21441D1BBA6700F87FC4 /* Frameworks */ = {
			isa = PBXFrameworksBuildPhase;
			buildActionMask = 2147483647;
			files = (
			);
			runOnlyForDeploymentPostprocessing = 0;
		};
/* End PBXFrameworksBuildPhase section */

/* Begin PBXGroup section */
		993B213E1D1BBA6700F87FC4 = {
			isa = PBXGroup;
			children = (
				993B21491D1BBA6700F87FC4 /* Exercise5_NotChangeSize */,
				993B21481D1BBA6700F87FC4 /* Products */,
			);
			sourceTree = "<group>";
		};
		993B21481D1BBA6700F87FC4 /* Products */ = {
			isa = PBXGroup;
			children = (
				993B21471D1BBA6700F87FC4 /* Exercise5_NotChangeSize.app */,
			);
			name = Products;
			sourceTree = "<group>";
		};
		993B21491D1BBA6700F87FC4 /* Exercise5_NotChangeSize */ = {
			isa = PBXGroup;
			children = (
				993B214A1D1BBA6700F87FC4 /* AppDelegate.swift */,
				993B214C1D1BBA6700F87FC4 /* ViewController.swift */,
				993B21511D1BBA6700F87FC4 /* Assets.xcassets */,
				993B21531D1BBA6700F87FC4 /* LaunchScreen.storyboard */,
				993B21561D1BBA6700F87FC4 /* Info.plist */,
				993B215C1D1BBA9800F87FC4 /* HomeViewController.swift */,
				993B215D1D1BBA9800F87FC4 /* HomeViewController.xib */,
			);
			path = Exercise5_NotChangeSize;
			sourceTree = "<group>";
		};
/* End PBXGroup section */

/* Begin PBXNativeTarget section */
		993B21461D1BBA6700F87FC4 /* Exercise5_NotChangeSize */ = {
			isa = PBXNativeTarget;
			buildConfigurationList = 993B21591D1BBA6700F87FC4 /* Build configuration list for PBXNativeTarget "Exercise5_NotChangeSize" */;
			buildPhases = (
				993B21431D1BBA6700F87FC4 /* Sources */,
				993B21441D1BBA6700F87FC4 /* Frameworks */,
				993B21451D1BBA6700F87FC4 /* Resources */,
			);
			buildRules = (
			);
			dependencies = (
			);
			name = Exercise5_NotChangeSize;
			productName = Exercise5_NotChangeSize;
			productReference = 993B21471D1BBA6700F87FC4 /* Exercise5_NotChangeSize.app */;
			productType = "com.apple.product-type.application";
		};
/* End PBXNativeTarget section */

/* Begin PBXProject section */
		993B213F1D1BBA6700F87FC4 /* Project object */ = {
			isa = PBXProject;
			attributes = {
				LastSwiftUpdateCheck = 0730;
				LastUpgradeCheck = 0730;
				ORGANIZATIONNAME = "Ho Van Su";
				TargetAttributes = {
					993B21461D1BBA6700F87FC4 = {
						CreatedOnToolsVersion = 7.3.1;
					};
				};
			};
			buildConfigurationList = 993B21421D1BBA6700F87FC4 /* Build configuration list for PBXProject "Exercise5_NotChangeSize" */;
			compatibilityVersion = "Xcode 3.2";
			developmentRegion = English;
			hasScannedForEncodings = 0;
			knownRegions = (
				en,
				Base,
			);
			mainGroup = 993B213E1D1BBA6700F87FC4;
			productRefGroup = 993B21481D1BBA6700F87FC4 /* Products */;
			projectDirPath = "";
			projectRoot = "";
			targets = (
				993B21461D1BBA6700F87FC4 /* Exercise5_NotChangeSize */,
			);
		};
/* End PBXProject section */

/* Begin PBXResourcesBuildPhase section */
		993B21451D1BBA6700F87FC4 /* Resources */ = {
			isa = PBXResourcesBuildPhase;
			buildActionMask = 2147483647;
			files = (
				993B21551D1BBA6700F87FC4 /* LaunchScreen.storyboard in Resources */,
				993B21521D1BBA6700F87FC4 /* Assets.xcassets in Resources */,
				993B215F1D1BBA9800F87FC4 /* HomeViewController.xib in Resources */,
			);
			runOnlyForDeploymentPostprocessing = 0;
		};
/* End PBXResourcesBuildPhase section */

/* Begin PBXSourcesBuildPhase section */
		993B21431D1BBA6700F87FC4 /* Sources */ = {
			isa = PBXSourcesBuildPhase;
			buildActionMask = 2147483647;
			files = (
				993B214D1D1BBA6700F87FC4 /* ViewController.swift in Sources */,
				993B214B1D1BBA6700F87FC4 /* AppDelegate.swift in Sources */,
				993B215E1D1BBA9800F87FC4 /* HomeViewController.swift in Sources */,
			);
			runOnlyForDeploymentPostprocessing = 0;
		};
/* End PBXSourcesBuildPhase section */

/* Begin PBXVariantGroup section */
		993B21531D1BBA6700F87FC4 /* LaunchScreen.storyboard */ = {
			isa = PBXVariantGroup;
			children = (
				993B21541D1BBA6700F87FC4 /* Base */,
			);
			name = LaunchScreen.storyboard;
			sourceTree = "<group>";
		};
/* End PBXVariantGroup section */

/* Begin XCBuildConfiguration section */
		993B21571D1BBA6700F87FC4 /* Debug */ = {
			isa = XCBuildConfiguration;
			buildSettings = {
				ALWAYS_SEARCH_USER_PATHS = NO;
				CLANG_ANALYZER_NONNULL = YES;
				CLANG_CXX_LANGUAGE_STANDARD = "gnu++0x";
				CLANG_CXX_LIBRARY = "libc++";
				CLANG_ENABLE_MODULES = YES;
				CLANG_ENABLE_OBJC_ARC = YES;
				CLANG_WARN_BOOL_CONVERSION = YES;
				CLANG_WARN_CONSTANT_CONVERSION = YES;
				CLANG_WARN_DIRECT_OBJC_ISA_USAGE = YES_ERROR;
				CLANG_WARN_EMPTY_BODY = YES;
				CLANG_WARN_ENUM_CONVERSION = YES;
				CLANG_WARN_INT_CONVERSION = YES;
				CLANG_WARN_OBJC_ROOT_CLASS = YES_ERROR;
				CLANG_WARN_UNREACHABLE_CODE = YES;
				CLANG_WARN__DUPLICATE_METHOD_MATCH = YES;
				"CODE_SIGN_IDENTITY[sdk=iphoneos*]" = "iPhone Developer";
				COPY_PHASE_STRIP = NO;
				DEBUG_INFORMATION_FORMAT = dwarf;
				ENABLE_STRICT_OBJC_MSGSEND = YES;
				ENABLE_TESTABILITY = YES;
				GCC_C_LANGUAGE_STANDARD = gnu99;
				GCC_DYNAMIC_NO_PIC = NO;
				GCC_NO_COMMON_BLOCKS = YES;
				GCC_OPTIMIZATION_LEVEL = 0;
				GCC_PREPROCESSOR_DEFINITIONS = (
					"DEBUG=1",
					"$(inherited)",
				);
				GCC_WARN_64_TO_32_BIT_CONVERSION = YES;
				GCC_WARN_ABOUT_RETURN_TYPE = YES_ERROR;
				GCC_WARN_UNDECLARED_SELECTOR = YES;
				GCC_WARN_UNINITIALIZED_AUTOS = YES_AGGRESSIVE;
				GCC_WARN_UNUSED_FUNCTION = YES;
				GCC_WARN_UNUSED_VARIABLE = YES;
				IPHONEOS_DEPLOYMENT_TARGET = 9.3;
				MTL_ENABLE_DEBUG_INFO = YES;
				ONLY_ACTIVE_ARCH = YES;
				SDKROOT = iphoneos;
				SWIFT_OPTIMIZATION_LEVEL = "-Onone";
				TARGETED_DEVICE_FAMILY = "1,2";
			};
			name = Debug;
		};
		993B21581D1BBA6700F87FC4 /* Release */ = {
			isa = XCBuildConfiguration;
			buildSettings = {
				ALWAYS_SEARCH_USER_PATHS = NO;
				CLANG_ANALYZER_NONNULL = YES;
				CLANG_CXX_LANGUAGE_STANDARD = "gnu++0x";
				CLANG_CXX_LIBRARY = "libc++";
				CLANG_ENABLE_MODULES = YES;
				CLANG_ENABLE_OBJC_ARC = YES;
				CLANG_WARN_BOOL_CONVERSION = YES;
				CLANG_WARN_CONSTANT_CONVERSION = YES;
				CLANG_WARN_DIRECT_OBJC_ISA_USAGE = YES_ERROR;
				CLANG_WARN_EMPTY_BODY = YES;
				CLANG_WARN_ENUM_CONVERSION = YES;
				CLANG_WARN_INT_CONVERSION = YES;
				CLANG_WARN_OBJC_ROOT_CLASS = YES_ERROR;
				CLANG_WARN_UNREACHABLE_CODE = YES;
				CLANG_WARN__DUPLICATE_METHOD_MATCH = YES;
				"CODE_SIGN_IDENTITY[sdk=iphoneos*]" = "iPhone Developer";
				COPY_PHASE_STRIP = NO;
				DEBUG_INFORMATION_FORMAT = "dwarf-with-dsym";
				ENABLE_NS_ASSERTIONS = NO;
				ENABLE_STRICT_OBJC_MSGSEND = YES;
				GCC_C_LANGUAGE_STANDARD = gnu99;
				GCC_NO_COMMON_BLOCKS = YES;
				GCC_WARN_64_TO_32_BIT_CONVERSION = YES;
				GCC_WARN_ABOUT_RETURN_TYPE = YES_ERROR;
				GCC_WARN_UNDECLARED_SELECTOR = YES;
				GCC_WARN_UNINITIALIZED_AUTOS = YES_AGGRESSIVE;
				GCC_WARN_UNUSED_FUNCTION = YES;
				GCC_WARN_UNUSED_VARIABLE = YES;
				IPHONEOS_DEPLOYMENT_TARGET = 9.3;
				MTL_ENABLE_DEBUG_INFO = NO;
				SDKROOT = iphoneos;
				TARGETED_DEVICE_FAMILY = "1,2";
				VALIDATE_PRODUCT = YES;
			};
			name = Release;
		};
		993B215A1D1BBA6700F87FC4 /* Debug */ = {
			isa = XCBuildConfiguration;
			buildSettings = {
				ASSETCATALOG_COMPILER_APPICON_NAME = AppIcon;
				INFOPLIST_FILE = Exercise5_NotChangeSize/Info.plist;
				LD_RUNPATH_SEARCH_PATHS = "$(inherited) @executable_path/Frameworks";
				PRODUCT_BUNDLE_IDENTIFIER = "com.suhv.Exercise5-NotChangeSize";
				PRODUCT_NAME = "$(TARGET_NAME)";
			};
			name = Debug;
		};
		993B215B1D1BBA6700F87FC4 /* Release */ = {
			isa = XCBuildConfiguration;
			buildSettings = {
				ASSETCATALOG_COMPILER_APPICON_NAME = AppIcon;
				INFOPLIST_FILE = Exercise5_NotChangeSize/Info.plist;
				LD_RUNPATH_SEARCH_PATHS = "$(inherited) @executable_path/Frameworks";
				PRODUCT_BUNDLE_IDENTIFIER = "com.suhv.Exercise5-NotChangeSize";
				PRODUCT_NAME = "$(TARGET_NAME)";
			};
			name = Release;
		};
/* End XCBuildConfiguration section */

/* Begin XCConfigurationList section */
		993B21421D1BBA6700F87FC4 /* Build configuration list for PBXProject "Exercise5_NotChangeSize" */ = {
			isa = XCConfigurationList;
			buildConfigurations = (
				993B21571D1BBA6700F87FC4 /* Debug */,
				993B21581D1BBA6700F87FC4 /* Release */,
			);
			defaultConfigurationIsVisible = 0;
			defaultConfigurationName = Release;
		};
		993B21591D1BBA6700F87FC4 /* Build configuration list for PBXNativeTarget "Exercise5_NotChangeSize" */ = {
			isa = XCConfigurationList;
			buildConfigurations = (
				993B215A1D1BBA6700F87FC4 /* Debug */,
				993B215B1D1BBA6700F87FC4 /* Release */,
			);
			defaultConfigurationIsVisible = 0;
			defaultConfigurationName = Release;
		};
/* End XCConfigurationList section */
	};
	rootObject = 993B213F1D1BBA6700F87FC4 /* Project object */;
}
