// !$*UTF8*$!
{
	archiveVersion = 1;
	classes = {
	};
	objectVersion = 46;
	objects = {

/* Begin PBXBuildFile section */
		9967A1401D4A168400716415 /* AppDelegate.swift in Sources */ = {isa = PBXBuildFile; fileRef = 9967A13F1D4A168400716415 /* AppDelegate.swift */; };
		9967A1471D4A168400716415 /* Assets.xcassets in Resources */ = {isa = PBXBuildFile; fileRef = 9967A1461D4A168400716415 /* Assets.xcassets */; };
		9967A14A1D4A168400716415 /* LaunchScreen.storyboard in Resources */ = {isa = PBXBuildFile; fileRef = 9967A1481D4A168400716415 /* LaunchScreen.storyboard */; };
		9967A15A1D4A170700716415 /* HomeViewController.swift in Sources */ = {isa = PBXBuildFile; fileRef = 9967A1581D4A170700716415 /* HomeViewController.swift */; };
		9967A15B1D4A170700716415 /* HomeViewController.xib in Resources */ = {isa = PBXBuildFile; fileRef = 9967A1591D4A170700716415 /* HomeViewController.xib */; };
		A49BBEFD103377F828FEF098 /* Pods_YoutubeAPIProject.framework in Frameworks */ = {isa = PBXBuildFile; fileRef = 11708B8D4418B8B5D3C30361 /* Pods_YoutubeAPIProject.framework */; };
/* End PBXBuildFile section */

/* Begin PBXFileReference section */
		11708B8D4418B8B5D3C30361 /* Pods_YoutubeAPIProject.framework */ = {isa = PBXFileReference; explicitFileType = wrapper.framework; includeInIndex = 0; path = Pods_YoutubeAPIProject.framework; sourceTree = BUILT_PRODUCTS_DIR; };
		40582862E48E26109B94281E /* Pods-YoutubeAPIProject.debug.xcconfig */ = {isa = PBXFileReference; includeInIndex = 1; lastKnownFileType = text.xcconfig; name = "Pods-YoutubeAPIProject.debug.xcconfig"; path = "Pods/Target Support Files/Pods-YoutubeAPIProject/Pods-YoutubeAPIProject.debug.xcconfig"; sourceTree = "<group>"; };
		58A435C6D1DBA14E8153CF97 /* Pods-YoutubeAPIProject.release.xcconfig */ = {isa = PBXFileReference; includeInIndex = 1; lastKnownFileType = text.xcconfig; name = "Pods-YoutubeAPIProject.release.xcconfig"; path = "Pods/Target Support Files/Pods-YoutubeAPIProject/Pods-YoutubeAPIProject.release.xcconfig"; sourceTree = "<group>"; };
		9967A13C1D4A168400716415 /* YoutubeAPIProject.app */ = {isa = PBXFileReference; explicitFileType = wrapper.application; includeInIndex = 0; path = YoutubeAPIProject.app; sourceTree = BUILT_PRODUCTS_DIR; };
		9967A13F1D4A168400716415 /* AppDelegate.swift */ = {isa = PBXFileReference; lastKnownFileType = sourcecode.swift; path = AppDelegate.swift; sourceTree = "<group>"; };
		9967A1461D4A168400716415 /* Assets.xcassets */ = {isa = PBXFileReference; lastKnownFileType = folder.assetcatalog; path = Assets.xcassets; sourceTree = "<group>"; };
		9967A1491D4A168400716415 /* Base */ = {isa = PBXFileReference; lastKnownFileType = file.storyboard; name = Base; path = Base.lproj/LaunchScreen.storyboard; sourceTree = "<group>"; };
		9967A14B1D4A168400716415 /* Info.plist */ = {isa = PBXFileReference; lastKnownFileType = text.plist.xml; path = Info.plist; sourceTree = "<group>"; };
		9967A1581D4A170700716415 /* HomeViewController.swift */ = {isa = PBXFileReference; fileEncoding = 4; lastKnownFileType = sourcecode.swift; name = HomeViewController.swift; path = Controllers/Home/HomeViewController.swift; sourceTree = "<group>"; };
		9967A1591D4A170700716415 /* HomeViewController.xib */ = {isa = PBXFileReference; fileEncoding = 4; lastKnownFileType = file.xib; name = HomeViewController.xib; path = Controllers/Home/HomeViewController.xib; sourceTree = "<group>"; };
/* End PBXFileReference section */

/* Begin PBXFrameworksBuildPhase section */
		9967A1391D4A168400716415 /* Frameworks */ = {
			isa = PBXFrameworksBuildPhase;
			buildActionMask = 2147483647;
			files = (
				A49BBEFD103377F828FEF098 /* Pods_YoutubeAPIProject.framework in Frameworks */,
			);
			runOnlyForDeploymentPostprocessing = 0;
		};
/* End PBXFrameworksBuildPhase section */

/* Begin PBXGroup section */
		1654230DC5B735E58E737087 /* Frameworks */ = {
			isa = PBXGroup;
			children = (
				11708B8D4418B8B5D3C30361 /* Pods_YoutubeAPIProject.framework */,
			);
			name = Frameworks;
			sourceTree = "<group>";
		};
		87C99AC05FD9CE1629B58644 /* Pods */ = {
			isa = PBXGroup;
			children = (
				40582862E48E26109B94281E /* Pods-YoutubeAPIProject.debug.xcconfig */,
				58A435C6D1DBA14E8153CF97 /* Pods-YoutubeAPIProject.release.xcconfig */,
			);
			name = Pods;
			sourceTree = "<group>";
		};
		9967A1331D4A168400716415 = {
			isa = PBXGroup;
			children = (
				9967A13E1D4A168400716415 /* YoutubeAPIProject */,
				9967A13D1D4A168400716415 /* Products */,
				87C99AC05FD9CE1629B58644 /* Pods */,
				1654230DC5B735E58E737087 /* Frameworks */,
			);
			sourceTree = "<group>";
		};
		9967A13D1D4A168400716415 /* Products */ = {
			isa = PBXGroup;
			children = (
				9967A13C1D4A168400716415 /* YoutubeAPIProject.app */,
			);
			name = Products;
			sourceTree = "<group>";
		};
		9967A13E1D4A168400716415 /* YoutubeAPIProject */ = {
			isa = PBXGroup;
			children = (
				9967A1511D4A16A200716415 /* AppDelegate */,
				9967A1561D4A16E600716415 /* Controllers */,
				9967A1521D4A16AC00716415 /* Resources */,
				9967A1551D4A16D600716415 /* Supports */,
			);
			path = YoutubeAPIProject;
			sourceTree = "<group>";
		};
		9967A1511D4A16A200716415 /* AppDelegate */ = {
			isa = PBXGroup;
			children = (
				9967A13F1D4A168400716415 /* AppDelegate.swift */,
			);
			name = AppDelegate;
			sourceTree = "<group>";
		};
		9967A1521D4A16AC00716415 /* Resources */ = {
			isa = PBXGroup;
			children = (
				9967A1531D4A16B600716415 /* Images */,
				9967A1541D4A16C200716415 /* LaunchScreen */,
			);
			name = Resources;
			sourceTree = "<group>";
		};
		9967A1531D4A16B600716415 /* Images */ = {
			isa = PBXGroup;
			children = (
				9967A1461D4A168400716415 /* Assets.xcassets */,
			);
			name = Images;
			sourceTree = "<group>";
		};
		9967A1541D4A16C200716415 /* LaunchScreen */ = {
			isa = PBXGroup;
			children = (
				9967A1481D4A168400716415 /* LaunchScreen.storyboard */,
			);
			name = LaunchScreen;
			sourceTree = "<group>";
		};
		9967A1551D4A16D600716415 /* Supports */ = {
			isa = PBXGroup;
			children = (
				9967A14B1D4A168400716415 /* Info.plist */,
			);
			name = Supports;
			sourceTree = "<group>";
		};
		9967A1561D4A16E600716415 /* Controllers */ = {
			isa = PBXGroup;
			children = (
				9967A1571D4A16EC00716415 /* Home */,
			);
			name = Controllers;
			sourceTree = "<group>";
		};
		9967A1571D4A16EC00716415 /* Home */ = {
			isa = PBXGroup;
			children = (
				9967A1581D4A170700716415 /* HomeViewController.swift */,
				9967A1591D4A170700716415 /* HomeViewController.xib */,
			);
			name = Home;
			sourceTree = "<group>";
		};
/* End PBXGroup section */

/* Begin PBXNativeTarget section */
		9967A13B1D4A168400716415 /* YoutubeAPIProject */ = {
			isa = PBXNativeTarget;
			buildConfigurationList = 9967A14E1D4A168400716415 /* Build configuration list for PBXNativeTarget "YoutubeAPIProject" */;
			buildPhases = (
				027129BA1583D828AF7D9711 /* [CP] Check Pods Manifest.lock */,
				9967A1381D4A168400716415 /* Sources */,
				9967A1391D4A168400716415 /* Frameworks */,
				9967A13A1D4A168400716415 /* Resources */,
				9967A15D1D4A176600716415 /* SwiftLint */,
				817DA253F76724E780E4ABE6 /* [CP] Embed Pods Frameworks */,
				3E04821C4575766D881A575A /* [CP] Copy Pods Resources */,
			);
			buildRules = (
			);
			dependencies = (
			);
			name = YoutubeAPIProject;
			productName = YoutubeAPIProject;
			productReference = 9967A13C1D4A168400716415 /* YoutubeAPIProject.app */;
			productType = "com.apple.product-type.application";
		};
/* End PBXNativeTarget section */

/* Begin PBXProject section */
		9967A1341D4A168400716415 /* Project object */ = {
			isa = PBXProject;
			attributes = {
				LastSwiftUpdateCheck = 0730;
				LastUpgradeCheck = 0730;
				ORGANIZATIONNAME = "Ho Van Su";
				TargetAttributes = {
					9967A13B1D4A168400716415 = {
						CreatedOnToolsVersion = 7.3.1;
					};
				};
			};
			buildConfigurationList = 9967A1371D4A168400716415 /* Build configuration list for PBXProject "YoutubeAPIProject" */;
			compatibilityVersion = "Xcode 3.2";
			developmentRegion = English;
			hasScannedForEncodings = 0;
			knownRegions = (
				en,
				Base,
			);
			mainGroup = 9967A1331D4A168400716415;
			productRefGroup = 9967A13D1D4A168400716415 /* Products */;
			projectDirPath = "";
			projectRoot = "";
			targets = (
				9967A13B1D4A168400716415 /* YoutubeAPIProject */,
			);
		};
/* End PBXProject section */

/* Begin PBXResourcesBuildPhase section */
		9967A13A1D4A168400716415 /* Resources */ = {
			isa = PBXResourcesBuildPhase;
			buildActionMask = 2147483647;
			files = (
				9967A14A1D4A168400716415 /* LaunchScreen.storyboard in Resources */,
				9967A1471D4A168400716415 /* Assets.xcassets in Resources */,
				9967A15B1D4A170700716415 /* HomeViewController.xib in Resources */,
			);
			runOnlyForDeploymentPostprocessing = 0;
		};
/* End PBXResourcesBuildPhase section */

/* Begin PBXShellScriptBuildPhase section */
		027129BA1583D828AF7D9711 /* [CP] Check Pods Manifest.lock */ = {
			isa = PBXShellScriptBuildPhase;
			buildActionMask = 2147483647;
			files = (
			);
			inputPaths = (
			);
			name = "[CP] Check Pods Manifest.lock";
			outputPaths = (
			);
			runOnlyForDeploymentPostprocessing = 0;
			shellPath = /bin/sh;
			shellScript = "diff \"${PODS_ROOT}/../Podfile.lock\" \"${PODS_ROOT}/Manifest.lock\" > /dev/null\nif [[ $? != 0 ]] ; then\n    cat << EOM\nerror: The sandbox is not in sync with the Podfile.lock. Run 'pod install' or update your CocoaPods installation.\nEOM\n    exit 1\nfi\n";
			showEnvVarsInLog = 0;
		};
		3E04821C4575766D881A575A /* [CP] Copy Pods Resources */ = {
			isa = PBXShellScriptBuildPhase;
			buildActionMask = 2147483647;
			files = (
			);
			inputPaths = (
			);
			name = "[CP] Copy Pods Resources";
			outputPaths = (
			);
			runOnlyForDeploymentPostprocessing = 0;
			shellPath = /bin/sh;
			shellScript = "\"${SRCROOT}/Pods/Target Support Files/Pods-YoutubeAPIProject/Pods-YoutubeAPIProject-resources.sh\"\n";
			showEnvVarsInLog = 0;
		};
		817DA253F76724E780E4ABE6 /* [CP] Embed Pods Frameworks */ = {
			isa = PBXShellScriptBuildPhase;
			buildActionMask = 2147483647;
			files = (
			);
			inputPaths = (
			);
			name = "[CP] Embed Pods Frameworks";
			outputPaths = (
			);
			runOnlyForDeploymentPostprocessing = 0;
			shellPath = /bin/sh;
			shellScript = "\"${SRCROOT}/Pods/Target Support Files/Pods-YoutubeAPIProject/Pods-YoutubeAPIProject-frameworks.sh\"\n";
			showEnvVarsInLog = 0;
		};
		9967A15D1D4A176600716415 /* SwiftLint */ = {
			isa = PBXShellScriptBuildPhase;
			buildActionMask = 2147483647;
			files = (
			);
			inputPaths = (
			);
			name = SwiftLint;
			outputPaths = (
			);
			runOnlyForDeploymentPostprocessing = 0;
			shellPath = /bin/sh;
			shellScript = "if which swiftlint >/dev/null; then\nswiftlint\nelse\necho \"warning: SwiftLint not installed, download from https://github.com/realm/SwiftLint\"\nfi";
		};
/* End PBXShellScriptBuildPhase section */

/* Begin PBXSourcesBuildPhase section */
		9967A1381D4A168400716415 /* Sources */ = {
			isa = PBXSourcesBuildPhase;
			buildActionMask = 2147483647;
			files = (
				9967A1401D4A168400716415 /* AppDelegate.swift in Sources */,
				9967A15A1D4A170700716415 /* HomeViewController.swift in Sources */,
			);
			runOnlyForDeploymentPostprocessing = 0;
		};
/* End PBXSourcesBuildPhase section */

/* Begin PBXVariantGroup section */
		9967A1481D4A168400716415 /* LaunchScreen.storyboard */ = {
			isa = PBXVariantGroup;
			children = (
				9967A1491D4A168400716415 /* Base */,
			);
			name = LaunchScreen.storyboard;
			sourceTree = "<group>";
		};
/* End PBXVariantGroup section */

/* Begin XCBuildConfiguration section */
		9967A14C1D4A168400716415 /* Debug */ = {
			isa = XCBuildConfiguration;
			buildSettings = {
				ALWAYS_SEARCH_USER_PATHS = NO;
				CLANG_ANALYZER_NONNULL = YES;
				CLANG_CXX_LANGUAGE_STANDARD = "gnu++0x";
				CLANG_CXX_LIBRARY = "libc++";
				CLANG_ENABLE_MODULES = YES;
				CLANG_ENABLE_OBJC_ARC = YES;
				CLANG_WARN_BOOL_CONVERSION = YES;
				CLANG_WARN_CONSTANT_CONVERSION = YES;
				CLANG_WARN_DIRECT_OBJC_ISA_USAGE = YES_ERROR;
				CLANG_WARN_EMPTY_BODY = YES;
				CLANG_WARN_ENUM_CONVERSION = YES;
				CLANG_WARN_INT_CONVERSION = YES;
				CLANG_WARN_OBJC_ROOT_CLASS = YES_ERROR;
				CLANG_WARN_UNREACHABLE_CODE = YES;
				CLANG_WARN__DUPLICATE_METHOD_MATCH = YES;
				"CODE_SIGN_IDENTITY[sdk=iphoneos*]" = "iPhone Developer";
				COPY_PHASE_STRIP = NO;
				DEBUG_INFORMATION_FORMAT = dwarf;
				ENABLE_STRICT_OBJC_MSGSEND = YES;
				ENABLE_TESTABILITY = YES;
				GCC_C_LANGUAGE_STANDARD = gnu99;
				GCC_DYNAMIC_NO_PIC = NO;
				GCC_NO_COMMON_BLOCKS = YES;
				GCC_OPTIMIZATION_LEVEL = 0;
				GCC_PREPROCESSOR_DEFINITIONS = (
					"DEBUG=1",
					"$(inherited)",
				);
				GCC_WARN_64_TO_32_BIT_CONVERSION = YES;
				GCC_WARN_ABOUT_RETURN_TYPE = YES_ERROR;
				GCC_WARN_UNDECLARED_SELECTOR = YES;
				GCC_WARN_UNINITIALIZED_AUTOS = YES_AGGRESSIVE;
				GCC_WARN_UNUSED_FUNCTION = YES;
				GCC_WARN_UNUSED_VARIABLE = YES;
				IPHONEOS_DEPLOYMENT_TARGET = 9.3;
				MTL_ENABLE_DEBUG_INFO = YES;
				ONLY_ACTIVE_ARCH = YES;
				SDKROOT = iphoneos;
				SWIFT_OPTIMIZATION_LEVEL = "-Onone";
				TARGETED_DEVICE_FAMILY = "1,2";
			};
			name = Debug;
		};
		9967A14D1D4A168400716415 /* Release */ = {
			isa = XCBuildConfiguration;
			buildSettings = {
				ALWAYS_SEARCH_USER_PATHS = NO;
				CLANG_ANALYZER_NONNULL = YES;
				CLANG_CXX_LANGUAGE_STANDARD = "gnu++0x";
				CLANG_CXX_LIBRARY = "libc++";
				CLANG_ENABLE_MODULES = YES;
				CLANG_ENABLE_OBJC_ARC = YES;
				CLANG_WARN_BOOL_CONVERSION = YES;
				CLANG_WARN_CONSTANT_CONVERSION = YES;
				CLANG_WARN_DIRECT_OBJC_ISA_USAGE = YES_ERROR;
				CLANG_WARN_EMPTY_BODY = YES;
				CLANG_WARN_ENUM_CONVERSION = YES;
				CLANG_WARN_INT_CONVERSION = YES;
				CLANG_WARN_OBJC_ROOT_CLASS = YES_ERROR;
				CLANG_WARN_UNREACHABLE_CODE = YES;
				CLANG_WARN__DUPLICATE_METHOD_MATCH = YES;
				"CODE_SIGN_IDENTITY[sdk=iphoneos*]" = "iPhone Developer";
				COPY_PHASE_STRIP = NO;
				DEBUG_INFORMATION_FORMAT = "dwarf-with-dsym";
				ENABLE_NS_ASSERTIONS = NO;
				ENABLE_STRICT_OBJC_MSGSEND = YES;
				GCC_C_LANGUAGE_STANDARD = gnu99;
				GCC_NO_COMMON_BLOCKS = YES;
				GCC_WARN_64_TO_32_BIT_CONVERSION = YES;
				GCC_WARN_ABOUT_RETURN_TYPE = YES_ERROR;
				GCC_WARN_UNDECLARED_SELECTOR = YES;
				GCC_WARN_UNINITIALIZED_AUTOS = YES_AGGRESSIVE;
				GCC_WARN_UNUSED_FUNCTION = YES;
				GCC_WARN_UNUSED_VARIABLE = YES;
				IPHONEOS_DEPLOYMENT_TARGET = 9.3;
				MTL_ENABLE_DEBUG_INFO = NO;
				SDKROOT = iphoneos;
				TARGETED_DEVICE_FAMILY = "1,2";
				VALIDATE_PRODUCT = YES;
			};
			name = Release;
		};
		9967A14F1D4A168400716415 /* Debug */ = {
			isa = XCBuildConfiguration;
			baseConfigurationReference = 40582862E48E26109B94281E /* Pods-YoutubeAPIProject.debug.xcconfig */;
			buildSettings = {
				ASSETCATALOG_COMPILER_APPICON_NAME = AppIcon;
				INFOPLIST_FILE = YoutubeAPIProject/Info.plist;
				LD_RUNPATH_SEARCH_PATHS = "$(inherited) @executable_path/Frameworks";
				PRODUCT_BUNDLE_IDENTIFIER = com.suhv.YoutubeAPIProject;
				PRODUCT_NAME = "$(TARGET_NAME)";
			};
			name = Debug;
		};
		9967A1501D4A168400716415 /* Release */ = {
			isa = XCBuildConfiguration;
			baseConfigurationReference = 58A435C6D1DBA14E8153CF97 /* Pods-YoutubeAPIProject.release.xcconfig */;
			buildSettings = {
				ASSETCATALOG_COMPILER_APPICON_NAME = AppIcon;
				INFOPLIST_FILE = YoutubeAPIProject/Info.plist;
				LD_RUNPATH_SEARCH_PATHS = "$(inherited) @executable_path/Frameworks";
				PRODUCT_BUNDLE_IDENTIFIER = com.suhv.YoutubeAPIProject;
				PRODUCT_NAME = "$(TARGET_NAME)";
			};
			name = Release;
		};
/* End XCBuildConfiguration section */

/* Begin XCConfigurationList section */
		9967A1371D4A168400716415 /* Build configuration list for PBXProject "YoutubeAPIProject" */ = {
			isa = XCConfigurationList;
			buildConfigurations = (
				9967A14C1D4A168400716415 /* Debug */,
				9967A14D1D4A168400716415 /* Release */,
			);
			defaultConfigurationIsVisible = 0;
			defaultConfigurationName = Release;
		};
		9967A14E1D4A168400716415 /* Build configuration list for PBXNativeTarget "YoutubeAPIProject" */ = {
			isa = XCConfigurationList;
			buildConfigurations = (
				9967A14F1D4A168400716415 /* Debug */,
				9967A1501D4A168400716415 /* Release */,
			);
			defaultConfigurationIsVisible = 0;
			defaultConfigurationName = Release;
		};
/* End XCConfigurationList section */
	};
	rootObject = 9967A1341D4A168400716415 /* Project object */;
}
