// !$*UTF8*$!
{
	archiveVersion = 1;
	classes = {
	};
	objectVersion = 46;
	objects = {

/* Begin PBXBuildFile section */
		99DE435E1D1BEE0100DBC8A9 /* AppDelegate.swift in Sources */ = {isa = PBXBuildFile; fileRef = 99DE435D1D1BEE0100DBC8A9 /* AppDelegate.swift */; };
		99DE43601D1BEE0100DBC8A9 /* ViewController.swift in Sources */ = {isa = PBXBuildFile; fileRef = 99DE435F1D1BEE0100DBC8A9 /* ViewController.swift */; };
		99DE43651D1BEE0100DBC8A9 /* Assets.xcassets in Resources */ = {isa = PBXBuildFile; fileRef = 99DE43641D1BEE0100DBC8A9 /* Assets.xcassets */; };
		99DE43681D1BEE0100DBC8A9 /* LaunchScreen.storyboard in Resources */ = {isa = PBXBuildFile; fileRef = 99DE43661D1BEE0100DBC8A9 /* LaunchScreen.storyboard */; };
		99DE43711D1BEE3900DBC8A9 /* HomeViewController.swift in Sources */ = {isa = PBXBuildFile; fileRef = 99DE436F1D1BEE3900DBC8A9 /* HomeViewController.swift */; };
		99DE43721D1BEE3900DBC8A9 /* HomeViewController.xib in Resources */ = {isa = PBXBuildFile; fileRef = 99DE43701D1BEE3900DBC8A9 /* HomeViewController.xib */; };
/* End PBXBuildFile section */

/* Begin PBXFileReference section */
		99DE435A1D1BEE0100DBC8A9 /* SpecialExercise3-Day23-06.app */ = {isa = PBXFileReference; explicitFileType = wrapper.application; includeInIndex = 0; path = "SpecialExercise3-Day23-06.app"; sourceTree = BUILT_PRODUCTS_DIR; };
		99DE435D1D1BEE0100DBC8A9 /* AppDelegate.swift */ = {isa = PBXFileReference; lastKnownFileType = sourcecode.swift; path = AppDelegate.swift; sourceTree = "<group>"; };
		99DE435F1D1BEE0100DBC8A9 /* ViewController.swift */ = {isa = PBXFileReference; lastKnownFileType = sourcecode.swift; path = ViewController.swift; sourceTree = "<group>"; };
		99DE43641D1BEE0100DBC8A9 /* Assets.xcassets */ = {isa = PBXFileReference; lastKnownFileType = folder.assetcatalog; path = Assets.xcassets; sourceTree = "<group>"; };
		99DE43671D1BEE0100DBC8A9 /* Base */ = {isa = PBXFileReference; lastKnownFileType = file.storyboard; name = Base; path = Base.lproj/LaunchScreen.storyboard; sourceTree = "<group>"; };
		99DE43691D1BEE0100DBC8A9 /* Info.plist */ = {isa = PBXFileReference; lastKnownFileType = text.plist.xml; path = Info.plist; sourceTree = "<group>"; };
		99DE436F1D1BEE3900DBC8A9 /* HomeViewController.swift */ = {isa = PBXFileReference; fileEncoding = 4; lastKnownFileType = sourcecode.swift; path = HomeViewController.swift; sourceTree = "<group>"; };
		99DE43701D1BEE3900DBC8A9 /* HomeViewController.xib */ = {isa = PBXFileReference; fileEncoding = 4; lastKnownFileType = file.xib; path = HomeViewController.xib; sourceTree = "<group>"; };
/* End PBXFileReference section */

/* Begin PBXFrameworksBuildPhase section */
		99DE43571D1BEE0100DBC8A9 /* Frameworks */ = {
			isa = PBXFrameworksBuildPhase;
			buildActionMask = 2147483647;
			files = (
			);
			runOnlyForDeploymentPostprocessing = 0;
		};
/* End PBXFrameworksBuildPhase section */

/* Begin PBXGroup section */
		99DE43511D1BEE0100DBC8A9 = {
			isa = PBXGroup;
			children = (
				99DE435C1D1BEE0100DBC8A9 /* SpecialExercise3-Day23-06 */,
				99DE435B1D1BEE0100DBC8A9 /* Products */,
			);
			sourceTree = "<group>";
		};
		99DE435B1D1BEE0100DBC8A9 /* Products */ = {
			isa = PBXGroup;
			children = (
				99DE435A1D1BEE0100DBC8A9 /* SpecialExercise3-Day23-06.app */,
			);
			name = Products;
			sourceTree = "<group>";
		};
		99DE435C1D1BEE0100DBC8A9 /* SpecialExercise3-Day23-06 */ = {
			isa = PBXGroup;
			children = (
				99DE435D1D1BEE0100DBC8A9 /* AppDelegate.swift */,
				99DE435F1D1BEE0100DBC8A9 /* ViewController.swift */,
				99DE43641D1BEE0100DBC8A9 /* Assets.xcassets */,
				99DE43661D1BEE0100DBC8A9 /* LaunchScreen.storyboard */,
				99DE43691D1BEE0100DBC8A9 /* Info.plist */,
				99DE436F1D1BEE3900DBC8A9 /* HomeViewController.swift */,
				99DE43701D1BEE3900DBC8A9 /* HomeViewController.xib */,
			);
			path = "SpecialExercise3-Day23-06";
			sourceTree = "<group>";
		};
/* End PBXGroup section */

/* Begin PBXNativeTarget section */
		99DE43591D1BEE0100DBC8A9 /* SpecialExercise3-Day23-06 */ = {
			isa = PBXNativeTarget;
			buildConfigurationList = 99DE436C1D1BEE0100DBC8A9 /* Build configuration list for PBXNativeTarget "SpecialExercise3-Day23-06" */;
			buildPhases = (
				99DE43561D1BEE0100DBC8A9 /* Sources */,
				99DE43571D1BEE0100DBC8A9 /* Frameworks */,
				99DE43581D1BEE0100DBC8A9 /* Resources */,
			);
			buildRules = (
			);
			dependencies = (
			);
			name = "SpecialExercise3-Day23-06";
			productName = "SpecialExercise3-Day23-06";
			productReference = 99DE435A1D1BEE0100DBC8A9 /* SpecialExercise3-Day23-06.app */;
			productType = "com.apple.product-type.application";
		};
/* End PBXNativeTarget section */

/* Begin PBXProject section */
		99DE43521D1BEE0100DBC8A9 /* Project object */ = {
			isa = PBXProject;
			attributes = {
				LastSwiftUpdateCheck = 0730;
				LastUpgradeCheck = 0730;
				ORGANIZATIONNAME = "Ho Van Su";
				TargetAttributes = {
					99DE43591D1BEE0100DBC8A9 = {
						CreatedOnToolsVersion = 7.3.1;
					};
				};
			};
			buildConfigurationList = 99DE43551D1BEE0100DBC8A9 /* Build configuration list for PBXProject "SpecialExercise3-Day23-06" */;
			compatibilityVersion = "Xcode 3.2";
			developmentRegion = English;
			hasScannedForEncodings = 0;
			knownRegions = (
				en,
				Base,
			);
			mainGroup = 99DE43511D1BEE0100DBC8A9;
			productRefGroup = 99DE435B1D1BEE0100DBC8A9 /* Products */;
			projectDirPath = "";
			projectRoot = "";
			targets = (
				99DE43591D1BEE0100DBC8A9 /* SpecialExercise3-Day23-06 */,
			);
		};
/* End PBXProject section */

/* Begin PBXResourcesBuildPhase section */
		99DE43581D1BEE0100DBC8A9 /* Resources */ = {
			isa = PBXResourcesBuildPhase;
			buildActionMask = 2147483647;
			files = (
				99DE43681D1BEE0100DBC8A9 /* LaunchScreen.storyboard in Resources */,
				99DE43651D1BEE0100DBC8A9 /* Assets.xcassets in Resources */,
				99DE43721D1BEE3900DBC8A9 /* HomeViewController.xib in Resources */,
			);
			runOnlyForDeploymentPostprocessing = 0;
		};
/* End PBXResourcesBuildPhase section */

/* Begin PBXSourcesBuildPhase section */
		99DE43561D1BEE0100DBC8A9 /* Sources */ = {
			isa = PBXSourcesBuildPhase;
			buildActionMask = 2147483647;
			files = (
				99DE43601D1BEE0100DBC8A9 /* ViewController.swift in Sources */,
				99DE435E1D1BEE0100DBC8A9 /* AppDelegate.swift in Sources */,
				99DE43711D1BEE3900DBC8A9 /* HomeViewController.swift in Sources */,
			);
			runOnlyForDeploymentPostprocessing = 0;
		};
/* End PBXSourcesBuildPhase section */

/* Begin PBXVariantGroup section */
		99DE43661D1BEE0100DBC8A9 /* LaunchScreen.storyboard */ = {
			isa = PBXVariantGroup;
			children = (
				99DE43671D1BEE0100DBC8A9 /* Base */,
			);
			name = LaunchScreen.storyboard;
			sourceTree = "<group>";
		};
/* End PBXVariantGroup section */

/* Begin XCBuildConfiguration section */
		99DE436A1D1BEE0100DBC8A9 /* Debug */ = {
			isa = XCBuildConfiguration;
			buildSettings = {
				ALWAYS_SEARCH_USER_PATHS = NO;
				CLANG_ANALYZER_NONNULL = YES;
				CLANG_CXX_LANGUAGE_STANDARD = "gnu++0x";
				CLANG_CXX_LIBRARY = "libc++";
				CLANG_ENABLE_MODULES = YES;
				CLANG_ENABLE_OBJC_ARC = YES;
				CLANG_WARN_BOOL_CONVERSION = YES;
				CLANG_WARN_CONSTANT_CONVERSION = YES;
				CLANG_WARN_DIRECT_OBJC_ISA_USAGE = YES_ERROR;
				CLANG_WARN_EMPTY_BODY = YES;
				CLANG_WARN_ENUM_CONVERSION = YES;
				CLANG_WARN_INT_CONVERSION = YES;
				CLANG_WARN_OBJC_ROOT_CLASS = YES_ERROR;
				CLANG_WARN_UNREACHABLE_CODE = YES;
				CLANG_WARN__DUPLICATE_METHOD_MATCH = YES;
				"CODE_SIGN_IDENTITY[sdk=iphoneos*]" = "iPhone Developer";
				COPY_PHASE_STRIP = NO;
				DEBUG_INFORMATION_FORMAT = dwarf;
				ENABLE_STRICT_OBJC_MSGSEND = YES;
				ENABLE_TESTABILITY = YES;
				GCC_C_LANGUAGE_STANDARD = gnu99;
				GCC_DYNAMIC_NO_PIC = NO;
				GCC_NO_COMMON_BLOCKS = YES;
				GCC_OPTIMIZATION_LEVEL = 0;
				GCC_PREPROCESSOR_DEFINITIONS = (
					"DEBUG=1",
					"$(inherited)",
				);
				GCC_WARN_64_TO_32_BIT_CONVERSION = YES;
				GCC_WARN_ABOUT_RETURN_TYPE = YES_ERROR;
				GCC_WARN_UNDECLARED_SELECTOR = YES;
				GCC_WARN_UNINITIALIZED_AUTOS = YES_AGGRESSIVE;
				GCC_WARN_UNUSED_FUNCTION = YES;
				GCC_WARN_UNUSED_VARIABLE = YES;
				IPHONEOS_DEPLOYMENT_TARGET = 9.3;
				MTL_ENABLE_DEBUG_INFO = YES;
				ONLY_ACTIVE_ARCH = YES;
				SDKROOT = iphoneos;
				SWIFT_OPTIMIZATION_LEVEL = "-Onone";
				TARGETED_DEVICE_FAMILY = "1,2";
			};
			name = Debug;
		};
		99DE436B1D1BEE0100DBC8A9 /* Release */ = {
			isa = XCBuildConfiguration;
			buildSettings = {
				ALWAYS_SEARCH_USER_PATHS = NO;
				CLANG_ANALYZER_NONNULL = YES;
				CLANG_CXX_LANGUAGE_STANDARD = "gnu++0x";
				CLANG_CXX_LIBRARY = "libc++";
				CLANG_ENABLE_MODULES = YES;
				CLANG_ENABLE_OBJC_ARC = YES;
				CLANG_WARN_BOOL_CONVERSION = YES;
				CLANG_WARN_CONSTANT_CONVERSION = YES;
				CLANG_WARN_DIRECT_OBJC_ISA_USAGE = YES_ERROR;
				CLANG_WARN_EMPTY_BODY = YES;
				CLANG_WARN_ENUM_CONVERSION = YES;
				CLANG_WARN_INT_CONVERSION = YES;
				CLANG_WARN_OBJC_ROOT_CLASS = YES_ERROR;
				CLANG_WARN_UNREACHABLE_CODE = YES;
				CLANG_WARN__DUPLICATE_METHOD_MATCH = YES;
				"CODE_SIGN_IDENTITY[sdk=iphoneos*]" = "iPhone Developer";
				COPY_PHASE_STRIP = NO;
				DEBUG_INFORMATION_FORMAT = "dwarf-with-dsym";
				ENABLE_NS_ASSERTIONS = NO;
				ENABLE_STRICT_OBJC_MSGSEND = YES;
				GCC_C_LANGUAGE_STANDARD = gnu99;
				GCC_NO_COMMON_BLOCKS = YES;
				GCC_WARN_64_TO_32_BIT_CONVERSION = YES;
				GCC_WARN_ABOUT_RETURN_TYPE = YES_ERROR;
				GCC_WARN_UNDECLARED_SELECTOR = YES;
				GCC_WARN_UNINITIALIZED_AUTOS = YES_AGGRESSIVE;
				GCC_WARN_UNUSED_FUNCTION = YES;
				GCC_WARN_UNUSED_VARIABLE = YES;
				IPHONEOS_DEPLOYMENT_TARGET = 9.3;
				MTL_ENABLE_DEBUG_INFO = NO;
				SDKROOT = iphoneos;
				TARGETED_DEVICE_FAMILY = "1,2";
				VALIDATE_PRODUCT = YES;
			};
			name = Release;
		};
		99DE436D1D1BEE0100DBC8A9 /* Debug */ = {
			isa = XCBuildConfiguration;
			buildSettings = {
				ASSETCATALOG_COMPILER_APPICON_NAME = AppIcon;
				INFOPLIST_FILE = "SpecialExercise3-Day23-06/Info.plist";
				LD_RUNPATH_SEARCH_PATHS = "$(inherited) @executable_path/Frameworks";
				PRODUCT_BUNDLE_IDENTIFIER = "com.suhv.SpecialExercise3-Day23-06";
				PRODUCT_NAME = "$(TARGET_NAME)";
			};
			name = Debug;
		};
		99DE436E1D1BEE0100DBC8A9 /* Release */ = {
			isa = XCBuildConfiguration;
			buildSettings = {
				ASSETCATALOG_COMPILER_APPICON_NAME = AppIcon;
				INFOPLIST_FILE = "SpecialExercise3-Day23-06/Info.plist";
				LD_RUNPATH_SEARCH_PATHS = "$(inherited) @executable_path/Frameworks";
				PRODUCT_BUNDLE_IDENTIFIER = "com.suhv.SpecialExercise3-Day23-06";
				PRODUCT_NAME = "$(TARGET_NAME)";
			};
			name = Release;
		};
/* End XCBuildConfiguration section */

/* Begin XCConfigurationList section */
		99DE43551D1BEE0100DBC8A9 /* Build configuration list for PBXProject "SpecialExercise3-Day23-06" */ = {
			isa = XCConfigurationList;
			buildConfigurations = (
				99DE436A1D1BEE0100DBC8A9 /* Debug */,
				99DE436B1D1BEE0100DBC8A9 /* Release */,
			);
			defaultConfigurationIsVisible = 0;
			defaultConfigurationName = Release;
		};
		99DE436C1D1BEE0100DBC8A9 /* Build configuration list for PBXNativeTarget "SpecialExercise3-Day23-06" */ = {
			isa = XCConfigurationList;
			buildConfigurations = (
				99DE436D1D1BEE0100DBC8A9 /* Debug */,
				99DE436E1D1BEE0100DBC8A9 /* Release */,
			);
			defaultConfigurationIsVisible = 0;
		};
/* End XCConfigurationList section */
	};
	rootObject = 99DE43521D1BEE0100DBC8A9 /* Project object */;
}
