// !$*UTF8*$!
{
	archiveVersion = 1;
	classes = {
	};
	objectVersion = 46;
	objects = {

/* Begin PBXBuildFile section */
		99092C601D12C1DC0079BB08 /* AppDelegate.swift in Sources */ = {isa = PBXBuildFile; fileRef = 99092C5F1D12C1DC0079BB08 /* AppDelegate.swift */; };
		99092C621D12C1DC0079BB08 /* ViewController.swift in Sources */ = {isa = PBXBuildFile; fileRef = 99092C611D12C1DC0079BB08 /* ViewController.swift */; };
		99092C671D12C1DC0079BB08 /* Assets.xcassets in Resources */ = {isa = PBXBuildFile; fileRef = 99092C661D12C1DC0079BB08 /* Assets.xcassets */; };
		99092C6A1D12C1DC0079BB08 /* LaunchScreen.storyboard in Resources */ = {isa = PBXBuildFile; fileRef = 99092C681D12C1DC0079BB08 /* LaunchScreen.storyboard */; };
		99092C731D12C2040079BB08 /* HomeViewController.swift in Sources */ = {isa = PBXBuildFile; fileRef = 99092C711D12C2040079BB08 /* HomeViewController.swift */; };
		99092C741D12C2040079BB08 /* HomeViewController.xib in Resources */ = {isa = PBXBuildFile; fileRef = 99092C721D12C2040079BB08 /* HomeViewController.xib */; };
/* End PBXBuildFile section */

/* Begin PBXFileReference section */
		99092C5C1D12C1DC0079BB08 /* iOSEx5Move.app */ = {isa = PBXFileReference; explicitFileType = wrapper.application; includeInIndex = 0; path = iOSEx5Move.app; sourceTree = BUILT_PRODUCTS_DIR; };
		99092C5F1D12C1DC0079BB08 /* AppDelegate.swift */ = {isa = PBXFileReference; lastKnownFileType = sourcecode.swift; path = AppDelegate.swift; sourceTree = "<group>"; };
		99092C611D12C1DC0079BB08 /* ViewController.swift */ = {isa = PBXFileReference; lastKnownFileType = sourcecode.swift; path = ViewController.swift; sourceTree = "<group>"; };
		99092C661D12C1DC0079BB08 /* Assets.xcassets */ = {isa = PBXFileReference; lastKnownFileType = folder.assetcatalog; path = Assets.xcassets; sourceTree = "<group>"; };
		99092C691D12C1DC0079BB08 /* Base */ = {isa = PBXFileReference; lastKnownFileType = file.storyboard; name = Base; path = Base.lproj/LaunchScreen.storyboard; sourceTree = "<group>"; };
		99092C6B1D12C1DC0079BB08 /* Info.plist */ = {isa = PBXFileReference; lastKnownFileType = text.plist.xml; path = Info.plist; sourceTree = "<group>"; };
		99092C711D12C2040079BB08 /* HomeViewController.swift */ = {isa = PBXFileReference; fileEncoding = 4; lastKnownFileType = sourcecode.swift; path = HomeViewController.swift; sourceTree = "<group>"; };
		99092C721D12C2040079BB08 /* HomeViewController.xib */ = {isa = PBXFileReference; fileEncoding = 4; lastKnownFileType = file.xib; path = HomeViewController.xib; sourceTree = "<group>"; };
/* End PBXFileReference section */

/* Begin PBXFrameworksBuildPhase section */
		99092C591D12C1DC0079BB08 /* Frameworks */ = {
			isa = PBXFrameworksBuildPhase;
			buildActionMask = 2147483647;
			files = (
			);
			runOnlyForDeploymentPostprocessing = 0;
		};
/* End PBXFrameworksBuildPhase section */

/* Begin PBXGroup section */
		99092C531D12C1DC0079BB08 = {
			isa = PBXGroup;
			children = (
				99092C5E1D12C1DC0079BB08 /* iOSEx5Move */,
				99092C5D1D12C1DC0079BB08 /* Products */,
			);
			sourceTree = "<group>";
		};
		99092C5D1D12C1DC0079BB08 /* Products */ = {
			isa = PBXGroup;
			children = (
				99092C5C1D12C1DC0079BB08 /* iOSEx5Move.app */,
			);
			name = Products;
			sourceTree = "<group>";
		};
		99092C5E1D12C1DC0079BB08 /* iOSEx5Move */ = {
			isa = PBXGroup;
			children = (
				99092C5F1D12C1DC0079BB08 /* AppDelegate.swift */,
				99092C611D12C1DC0079BB08 /* ViewController.swift */,
				99092C661D12C1DC0079BB08 /* Assets.xcassets */,
				99092C681D12C1DC0079BB08 /* LaunchScreen.storyboard */,
				99092C6B1D12C1DC0079BB08 /* Info.plist */,
				99092C711D12C2040079BB08 /* HomeViewController.swift */,
				99092C721D12C2040079BB08 /* HomeViewController.xib */,
			);
			path = iOSEx5Move;
			sourceTree = "<group>";
		};
/* End PBXGroup section */

/* Begin PBXNativeTarget section */
		99092C5B1D12C1DC0079BB08 /* iOSEx5Move */ = {
			isa = PBXNativeTarget;
			buildConfigurationList = 99092C6E1D12C1DC0079BB08 /* Build configuration list for PBXNativeTarget "iOSEx5Move" */;
			buildPhases = (
				99092C581D12C1DC0079BB08 /* Sources */,
				99092C591D12C1DC0079BB08 /* Frameworks */,
				99092C5A1D12C1DC0079BB08 /* Resources */,
			);
			buildRules = (
			);
			dependencies = (
			);
			name = iOSEx5Move;
			productName = iOSEx5Move;
			productReference = 99092C5C1D12C1DC0079BB08 /* iOSEx5Move.app */;
			productType = "com.apple.product-type.application";
		};
/* End PBXNativeTarget section */

/* Begin PBXProject section */
		99092C541D12C1DC0079BB08 /* Project object */ = {
			isa = PBXProject;
			attributes = {
				LastSwiftUpdateCheck = 0730;
				LastUpgradeCheck = 0730;
				ORGANIZATIONNAME = "Ho Van Su";
				TargetAttributes = {
					99092C5B1D12C1DC0079BB08 = {
						CreatedOnToolsVersion = 7.3.1;
					};
				};
			};
			buildConfigurationList = 99092C571D12C1DC0079BB08 /* Build configuration list for PBXProject "iOSEx5Move" */;
			compatibilityVersion = "Xcode 3.2";
			developmentRegion = English;
			hasScannedForEncodings = 0;
			knownRegions = (
				en,
				Base,
			);
			mainGroup = 99092C531D12C1DC0079BB08;
			productRefGroup = 99092C5D1D12C1DC0079BB08 /* Products */;
			projectDirPath = "";
			projectRoot = "";
			targets = (
				99092C5B1D12C1DC0079BB08 /* iOSEx5Move */,
			);
		};
/* End PBXProject section */

/* Begin PBXResourcesBuildPhase section */
		99092C5A1D12C1DC0079BB08 /* Resources */ = {
			isa = PBXResourcesBuildPhase;
			buildActionMask = 2147483647;
			files = (
				99092C6A1D12C1DC0079BB08 /* LaunchScreen.storyboard in Resources */,
				99092C671D12C1DC0079BB08 /* Assets.xcassets in Resources */,
				99092C741D12C2040079BB08 /* HomeViewController.xib in Resources */,
			);
			runOnlyForDeploymentPostprocessing = 0;
		};
/* End PBXResourcesBuildPhase section */

/* Begin PBXSourcesBuildPhase section */
		99092C581D12C1DC0079BB08 /* Sources */ = {
			isa = PBXSourcesBuildPhase;
			buildActionMask = 2147483647;
			files = (
				99092C621D12C1DC0079BB08 /* ViewController.swift in Sources */,
				99092C601D12C1DC0079BB08 /* AppDelegate.swift in Sources */,
				99092C731D12C2040079BB08 /* HomeViewController.swift in Sources */,
			);
			runOnlyForDeploymentPostprocessing = 0;
		};
/* End PBXSourcesBuildPhase section */

/* Begin PBXVariantGroup section */
		99092C681D12C1DC0079BB08 /* LaunchScreen.storyboard */ = {
			isa = PBXVariantGroup;
			children = (
				99092C691D12C1DC0079BB08 /* Base */,
			);
			name = LaunchScreen.storyboard;
			sourceTree = "<group>";
		};
/* End PBXVariantGroup section */

/* Begin XCBuildConfiguration section */
		99092C6C1D12C1DC0079BB08 /* Debug */ = {
			isa = XCBuildConfiguration;
			buildSettings = {
				ALWAYS_SEARCH_USER_PATHS = NO;
				CLANG_ANALYZER_NONNULL = YES;
				CLANG_CXX_LANGUAGE_STANDARD = "gnu++0x";
				CLANG_CXX_LIBRARY = "libc++";
				CLANG_ENABLE_MODULES = YES;
				CLANG_ENABLE_OBJC_ARC = YES;
				CLANG_WARN_BOOL_CONVERSION = YES;
				CLANG_WARN_CONSTANT_CONVERSION = YES;
				CLANG_WARN_DIRECT_OBJC_ISA_USAGE = YES_ERROR;
				CLANG_WARN_EMPTY_BODY = YES;
				CLANG_WARN_ENUM_CONVERSION = YES;
				CLANG_WARN_INT_CONVERSION = YES;
				CLANG_WARN_OBJC_ROOT_CLASS = YES_ERROR;
				CLANG_WARN_UNREACHABLE_CODE = YES;
				CLANG_WARN__DUPLICATE_METHOD_MATCH = YES;
				"CODE_SIGN_IDENTITY[sdk=iphoneos*]" = "iPhone Developer";
				COPY_PHASE_STRIP = NO;
				DEBUG_INFORMATION_FORMAT = dwarf;
				ENABLE_STRICT_OBJC_MSGSEND = YES;
				ENABLE_TESTABILITY = YES;
				GCC_C_LANGUAGE_STANDARD = gnu99;
				GCC_DYNAMIC_NO_PIC = NO;
				GCC_NO_COMMON_BLOCKS = YES;
				GCC_OPTIMIZATION_LEVEL = 0;
				GCC_PREPROCESSOR_DEFINITIONS = (
					"DEBUG=1",
					"$(inherited)",
				);
				GCC_WARN_64_TO_32_BIT_CONVERSION = YES;
				GCC_WARN_ABOUT_RETURN_TYPE = YES_ERROR;
				GCC_WARN_UNDECLARED_SELECTOR = YES;
				GCC_WARN_UNINITIALIZED_AUTOS = YES_AGGRESSIVE;
				GCC_WARN_UNUSED_FUNCTION = YES;
				GCC_WARN_UNUSED_VARIABLE = YES;
				IPHONEOS_DEPLOYMENT_TARGET = 9.3;
				MTL_ENABLE_DEBUG_INFO = YES;
				ONLY_ACTIVE_ARCH = YES;
				SDKROOT = iphoneos;
				SWIFT_OPTIMIZATION_LEVEL = "-Onone";
				TARGETED_DEVICE_FAMILY = "1,2";
			};
			name = Debug;
		};
		99092C6D1D12C1DC0079BB08 /* Release */ = {
			isa = XCBuildConfiguration;
			buildSettings = {
				ALWAYS_SEARCH_USER_PATHS = NO;
				CLANG_ANALYZER_NONNULL = YES;
				CLANG_CXX_LANGUAGE_STANDARD = "gnu++0x";
				CLANG_CXX_LIBRARY = "libc++";
				CLANG_ENABLE_MODULES = YES;
				CLANG_ENABLE_OBJC_ARC = YES;
				CLANG_WARN_BOOL_CONVERSION = YES;
				CLANG_WARN_CONSTANT_CONVERSION = YES;
				CLANG_WARN_DIRECT_OBJC_ISA_USAGE = YES_ERROR;
				CLANG_WARN_EMPTY_BODY = YES;
				CLANG_WARN_ENUM_CONVERSION = YES;
				CLANG_WARN_INT_CONVERSION = YES;
				CLANG_WARN_OBJC_ROOT_CLASS = YES_ERROR;
				CLANG_WARN_UNREACHABLE_CODE = YES;
				CLANG_WARN__DUPLICATE_METHOD_MATCH = YES;
				"CODE_SIGN_IDENTITY[sdk=iphoneos*]" = "iPhone Developer";
				COPY_PHASE_STRIP = NO;
				DEBUG_INFORMATION_FORMAT = "dwarf-with-dsym";
				ENABLE_NS_ASSERTIONS = NO;
				ENABLE_STRICT_OBJC_MSGSEND = YES;
				GCC_C_LANGUAGE_STANDARD = gnu99;
				GCC_NO_COMMON_BLOCKS = YES;
				GCC_WARN_64_TO_32_BIT_CONVERSION = YES;
				GCC_WARN_ABOUT_RETURN_TYPE = YES_ERROR;
				GCC_WARN_UNDECLARED_SELECTOR = YES;
				GCC_WARN_UNINITIALIZED_AUTOS = YES_AGGRESSIVE;
				GCC_WARN_UNUSED_FUNCTION = YES;
				GCC_WARN_UNUSED_VARIABLE = YES;
				IPHONEOS_DEPLOYMENT_TARGET = 9.3;
				MTL_ENABLE_DEBUG_INFO = NO;
				SDKROOT = iphoneos;
				TARGETED_DEVICE_FAMILY = "1,2";
				VALIDATE_PRODUCT = YES;
			};
			name = Release;
		};
		99092C6F1D12C1DC0079BB08 /* Debug */ = {
			isa = XCBuildConfiguration;
			buildSettings = {
				ASSETCATALOG_COMPILER_APPICON_NAME = AppIcon;
				INFOPLIST_FILE = iOSEx5Move/Info.plist;
				LD_RUNPATH_SEARCH_PATHS = "$(inherited) @executable_path/Frameworks";
				PRODUCT_BUNDLE_IDENTIFIER = com.suhv.iOSEx5Move;
				PRODUCT_NAME = "$(TARGET_NAME)";
			};
			name = Debug;
		};
		99092C701D12C1DC0079BB08 /* Release */ = {
			isa = XCBuildConfiguration;
			buildSettings = {
				ASSETCATALOG_COMPILER_APPICON_NAME = AppIcon;
				INFOPLIST_FILE = iOSEx5Move/Info.plist;
				LD_RUNPATH_SEARCH_PATHS = "$(inherited) @executable_path/Frameworks";
				PRODUCT_BUNDLE_IDENTIFIER = com.suhv.iOSEx5Move;
				PRODUCT_NAME = "$(TARGET_NAME)";
			};
			name = Release;
		};
/* End XCBuildConfiguration section */

/* Begin XCConfigurationList section */
		99092C571D12C1DC0079BB08 /* Build configuration list for PBXProject "iOSEx5Move" */ = {
			isa = XCConfigurationList;
			buildConfigurations = (
				99092C6C1D12C1DC0079BB08 /* Debug */,
				99092C6D1D12C1DC0079BB08 /* Release */,
			);
			defaultConfigurationIsVisible = 0;
			defaultConfigurationName = Release;
		};
		99092C6E1D12C1DC0079BB08 /* Build configuration list for PBXNativeTarget "iOSEx5Move" */ = {
			isa = XCConfigurationList;
			buildConfigurations = (
				99092C6F1D12C1DC0079BB08 /* Debug */,
				99092C701D12C1DC0079BB08 /* Release */,
			);
			defaultConfigurationIsVisible = 0;
		};
/* End XCConfigurationList section */
	};
	rootObject = 99092C541D12C1DC0079BB08 /* Project object */;
}
